# THIS IS AN AUTOGENERATED FILE. DO NOT EDIT THIS FILE DIRECTLY.
# yarn lockfile v1


"@babel/runtime-corejs3@7.9.2":
  version "7.9.2"
  resolved "https://registry.yarnpkg.com/@babel/runtime-corejs3/-/runtime-corejs3-7.9.2.tgz#26fe4aa77e9f1ecef9b776559bbb8e84d34284b7"
  integrity sha512-HHxmgxbIzOfFlZ+tdeRKtaxWOMUoCG5Mu3wKeUmOxjYrwb3AAHgnmtCUbPPK11/raIWLIBK250t8E2BPO0p7jA==
  dependencies:
    core-js-pure "^3.0.0"
    regenerator-runtime "^0.13.4"

"@babel/runtime@7.9.2":
  version "7.9.2"
  resolved "https://registry.yarnpkg.com/@babel/runtime/-/runtime-7.9.2.tgz#d90df0583a3a252f09aaa619665367bae518db06"
  integrity sha512-NE2DtOdufG7R5vnfQUTehdTfNycfUANEtCa9PssN9O/xmTzP4E08UI797ixaei6hBEVL9BI/PsdJS5x7mWoB9Q==
  dependencies:
    regenerator-runtime "^0.13.4"

"@babel/runtime@^7.5.4", "@babel/runtime@^7.5.5":
  version "7.9.6"
  resolved "https://registry.yarnpkg.com/@babel/runtime/-/runtime-7.9.6.tgz#a9102eb5cadedf3f31d08a9ecf294af7827ea29f"
  integrity sha512-64AF1xY3OAkFHqOb9s4jpgk1Mm5vDZ4L3acHvAml+53nO1XbXLuDodsVpO4OIUsmemlUHMxNdYMNJmsvOwLrvQ==
  dependencies:
    regenerator-runtime "^0.13.4"

"@icons/material@^0.2.4":
  version "0.2.4"
  resolved "https://registry.yarnpkg.com/@icons/material/-/material-0.2.4.tgz#e90c9f71768b3736e76d7dd6783fc6c2afa88bc8"
  integrity sha512-QPcGmICAPbGLGb6F/yNf/KzKqvFx8z5qx3D1yFqVAjoFmXK35EgyW+cJ57Te3CNsmzblwtzakLGFqHPqrfb4Tw==

"@inlet/react-pixi@1.3.2":
  version "1.3.2"
  resolved "https://registry.yarnpkg.com/@inlet/react-pixi/-/react-pixi-1.3.2.tgz#ad5affd0ffa2fa4d5208f50936f7231ec33e719f"
  integrity sha512-YAe8TaxhG5L9UstOVKGnYCG2JpZgrOYLeLN8NBN/YOW9oU9xfe8nX4yPH7Tih5b1VSTHd3y6nauixOE0rfCIHg==
  dependencies:
    "@testing-library/react" "8.0.5"
    fbjs "^1.0.0"
    performance-now "^2.1.0"
    react-reconciler "0.21.0-alpha.0"

"@jest/types@^24.9.0":
  version "24.9.0"
  resolved "https://registry.yarnpkg.com/@jest/types/-/types-24.9.0.tgz#63cb26cb7500d069e5a389441a7c6ab5e909fc59"
  integrity sha512-XKK7ze1apu5JWQ5eZjHITP66AX+QsLlbaJRBGYr8pNzwcAE2JVkwnf0yqjHTsDRcjR0mujy/NmZMXw5kl+kGBw==
  dependencies:
    "@types/istanbul-lib-coverage" "^2.0.0"
    "@types/istanbul-reports" "^1.1.1"
    "@types/yargs" "^13.0.0"

"@pixi/accessibility@5.2.4":
  version "5.2.4"
  resolved "https://registry.yarnpkg.com/@pixi/accessibility/-/accessibility-5.2.4.tgz#ed5e7fa9a5977b63fb798a16783ee0a1961b5ffc"
  integrity sha512-NaHYuUqD4vmYRTvleQpR2Rc7mYHgreX+WYCXYa8gQghoTa1J1zfbFvYJaby3gubuVmNG2eyzjlKIVUeIrVuJCg==
  dependencies:
    "@pixi/core" "5.2.4"
    "@pixi/display" "5.2.4"
    "@pixi/utils" "5.2.4"

"@pixi/app@5.2.4":
  version "5.2.4"
  resolved "https://registry.yarnpkg.com/@pixi/app/-/app-5.2.4.tgz#1073dbb7ef74cd5e44ff9d92350ab5ccca4a6860"
  integrity sha512-3BSp1uZJUnctTqsvmVqIRXwS0Uq2GInVvWmrZQF7+6O5neADVX4Ba7ENh7CnmuPXnMPmwxt1788I20aUi3ld1Q==
  dependencies:
    "@pixi/core" "5.2.4"
    "@pixi/display" "5.2.4"

"@pixi/constants@5.2.4":
  version "5.2.4"
  resolved "https://registry.yarnpkg.com/@pixi/constants/-/constants-5.2.4.tgz#ef293790cc0e2c74ab78ec49669df514a5ea372a"
  integrity sha512-+sMfU57VTQb5DkDtndCBg3PzyC8NxZJvg/R76tuopkZZ5AgI4aAE6hNMs0JzvalzYNIampzwpdZ1gz5UKvL1dQ==

"@pixi/core@5.2.4":
  version "5.2.4"
  resolved "https://registry.yarnpkg.com/@pixi/core/-/core-5.2.4.tgz#5cdc09b0ba327877ebbcf1688cff788c954df634"
  integrity sha512-3RXoqtMqCGZFDLNiBp1l6HAnnNvKsCn3D4m3NvrrIhcaPFxD8bSPZaHEaTq6BaStOGWhpofRy+RLtFfYciQLiA==
  dependencies:
    "@pixi/constants" "5.2.4"
    "@pixi/display" "5.2.4"
    "@pixi/math" "5.2.4"
    "@pixi/runner" "5.2.4"
    "@pixi/settings" "5.2.4"
    "@pixi/ticker" "5.2.4"
    "@pixi/utils" "5.2.4"

"@pixi/display@5.2.4":
  version "5.2.4"
  resolved "https://registry.yarnpkg.com/@pixi/display/-/display-5.2.4.tgz#03f855d2d4811daba91248bec819270e27470572"
  integrity sha512-VndYAcumBeHCJuUZ4HaCTFZ4+T7Ncemam9FcAsMqlu3P9BCu8LMuARv0lLKWIV0jz+nBF7qKzLfpJoNYF64Mgw==
  dependencies:
    "@pixi/math" "5.2.4"
    "@pixi/settings" "5.2.4"
    "@pixi/utils" "5.2.4"

"@pixi/extract@5.2.4":
  version "5.2.4"
  resolved "https://registry.yarnpkg.com/@pixi/extract/-/extract-5.2.4.tgz#f00cd62630c5e8ea90b3961ba873ab46372ef1db"
  integrity sha512-en9ZIa+9k0owQxQPj5U5jT1GaDAAqOn5mlF6Pn6xXOkRi8npUnpj1zpNtcG0kn8ZMufJVmyyI33lMl6NPzLzsQ==
  dependencies:
    "@pixi/core" "5.2.4"
    "@pixi/math" "5.2.4"
    "@pixi/utils" "5.2.4"

"@pixi/filter-alpha@5.2.4":
  version "5.2.4"
  resolved "https://registry.yarnpkg.com/@pixi/filter-alpha/-/filter-alpha-5.2.4.tgz#e7f17ccb096b4e892420a74476cb262f7218d290"
  integrity sha512-WdQyqPUM60z16pXH+aAWwy/Xrfx/Qgb9kf3GRAQq77WsxbrFVY/DGfakxNa+jDuSlS4fBIKx66iLnoLlOzA6iQ==
  dependencies:
    "@pixi/core" "5.2.4"

"@pixi/filter-blur@5.2.4":
  version "5.2.4"
  resolved "https://registry.yarnpkg.com/@pixi/filter-blur/-/filter-blur-5.2.4.tgz#c2fa2d1e0e7d193af73ce58eba4350de1eb10af7"
  integrity sha512-9uDr7QIRpuhxdZsO76AddIP2x2MbcQvErQjmjQEfLsectbCLdkRWjHPoLzFfARb58lNzT0Pe5EMVPI91usa1pA==
  dependencies:
    "@pixi/core" "5.2.4"
    "@pixi/settings" "5.2.4"

"@pixi/filter-color-matrix@5.2.4":
  version "5.2.4"
  resolved "https://registry.yarnpkg.com/@pixi/filter-color-matrix/-/filter-color-matrix-5.2.4.tgz#bf2f99f17c97073c6f248362058e30b9a6f993c6"
  integrity sha512-3JQVtKb43SLticOWhIoWWykNCh2MK/wb4/p88LYew3kAUyfA2glZ+t2moYC3HAye3tsrc155go6m7Hqabpl/yQ==
  dependencies:
    "@pixi/core" "5.2.4"

"@pixi/filter-displacement@5.2.4":
  version "5.2.4"
  resolved "https://registry.yarnpkg.com/@pixi/filter-displacement/-/filter-displacement-5.2.4.tgz#413ffade6bdf53651e0ed6730882711a65d71475"
  integrity sha512-nDQ6PcVbHcs0EJu5chtqzI6gF92K34JgfUSrr5pnLwwzbwr2/KQjgRPyRXLLv2rj/HU8pzNLzqRXBWP4qewu6w==
  dependencies:
    "@pixi/core" "5.2.4"
    "@pixi/math" "5.2.4"

"@pixi/filter-fxaa@5.2.4":
  version "5.2.4"
  resolved "https://registry.yarnpkg.com/@pixi/filter-fxaa/-/filter-fxaa-5.2.4.tgz#b00725a16e687710b114d6245913fea4b9b9fc41"
  integrity sha512-sikOIA6iw/9MejbFL6AZqO6KP9l6QyXYUH2RQVk7zGG75aps4zVXPHgUnz9aT1YASuaWBVP9+ViQPdW2NM5a6g==
  dependencies:
    "@pixi/core" "5.2.4"

"@pixi/filter-noise@5.2.4":
  version "5.2.4"
  resolved "https://registry.yarnpkg.com/@pixi/filter-noise/-/filter-noise-5.2.4.tgz#de183b88a4cf4befcf7126979d188801bb6df330"
  integrity sha512-VcI16NVwrFIDRlLke+BZQid96rKxysTavL/qexa7uHxnxxOwdXthpBA/uOQ6eNde4DJyeBAhnyldUM9ydPeOXQ==
  dependencies:
    "@pixi/core" "5.2.4"

"@pixi/graphics@5.2.4":
  version "5.2.4"
  resolved "https://registry.yarnpkg.com/@pixi/graphics/-/graphics-5.2.4.tgz#8818412e5de0c299a64f475783cbea7b4c7c3220"
  integrity sha512-jASQ2M9+Zzm4GmBE+h6lw30xY/0N1GjAn2Dxd8LJZoeeUjAoVQYbN1CavecPGMRW/Rd0QkkHB5B8iWqZX2Uuxg==
  dependencies:
    "@pixi/constants" "5.2.4"
    "@pixi/core" "5.2.4"
    "@pixi/display" "5.2.4"
    "@pixi/math" "5.2.4"
    "@pixi/sprite" "5.2.4"
    "@pixi/utils" "5.2.4"

"@pixi/interaction@5.2.4":
  version "5.2.4"
  resolved "https://registry.yarnpkg.com/@pixi/interaction/-/interaction-5.2.4.tgz#5d8f64b9c90a8fe6ce0edefb3d522f12d0ce7829"
  integrity sha512-c6EzDRcCFmixpRuwY4xIr9I0ppxmkp8b8mP3qSwvMkY5vsMXazhshhtw0SwTA5mdG6vGV93DnZIevFr+qLvA/Q==
  dependencies:
    "@pixi/core" "5.2.4"
    "@pixi/display" "5.2.4"
    "@pixi/math" "5.2.4"
    "@pixi/ticker" "5.2.4"
    "@pixi/utils" "5.2.4"

"@pixi/loaders@5.2.4":
  version "5.2.4"
  resolved "https://registry.yarnpkg.com/@pixi/loaders/-/loaders-5.2.4.tgz#d56a0866e11888c33a2b24ee72706dcdfe5c7708"
  integrity sha512-MeQd59+sB1ZGhpKGY0w3Ef8cFiWm/yv22MDVM3Hqg1VCu81NjiUrJUGUGALIU8CXI3NfiT+J1zyddslmyJJZjQ==
  dependencies:
    "@pixi/core" "5.2.4"
    "@pixi/utils" "5.2.4"
    resource-loader "^3.0.1"

"@pixi/math@5.2.4":
  version "5.2.4"
  resolved "https://registry.yarnpkg.com/@pixi/math/-/math-5.2.4.tgz#159d6b15a35eebceb1c51ff8ce1f6fcf10cfdbe5"
  integrity sha512-X7tRbNYuc8c/2GyUhe7togF5rflyU4k9ny8aRmvmIHZsJGFU0w+DmCSCnrHm7b6sQvhu6pXQPGQUADPOBtvb+g==

"@pixi/mesh-extras@5.2.4":
  version "5.2.4"
  resolved "https://registry.yarnpkg.com/@pixi/mesh-extras/-/mesh-extras-5.2.4.tgz#c94b94835bd79545fa2fa7482db58ae3a4000727"
  integrity sha512-WQ7H5K4TMeAQyiUJfzZ5UuKY0GF+6JHazhaAc2DhnF5gz2CdvmL0qOiQ4Dad21+VfKzbhC66fP2YfvMHIrWRuw==
  dependencies:
    "@pixi/constants" "5.2.4"
    "@pixi/core" "5.2.4"
    "@pixi/math" "5.2.4"
    "@pixi/mesh" "5.2.4"
    "@pixi/utils" "5.2.4"

"@pixi/mesh@5.2.4":
  version "5.2.4"
  resolved "https://registry.yarnpkg.com/@pixi/mesh/-/mesh-5.2.4.tgz#c5a78ceefbdf16e826768ef773bf5e064ebcc916"
  integrity sha512-OS/KcPgftOh6eE4ZHyC3dCc8nNbOXOq0Va69kwUTfHZLi63vjz03hXiYY/KRJ4tds9+/zCjLeLoBBglqLBBuvg==
  dependencies:
    "@pixi/constants" "5.2.4"
    "@pixi/core" "5.2.4"
    "@pixi/display" "5.2.4"
    "@pixi/math" "5.2.4"
    "@pixi/settings" "5.2.4"
    "@pixi/utils" "5.2.4"

"@pixi/mixin-cache-as-bitmap@5.2.4":
  version "5.2.4"
  resolved "https://registry.yarnpkg.com/@pixi/mixin-cache-as-bitmap/-/mixin-cache-as-bitmap-5.2.4.tgz#4bd7eb4b08ddcc8a6e8ee24953ffcb32905cf30b"
  integrity sha512-Ec/GgqFbE3upEnLDfHCoKzGulozLRCRRXpzD3bS4uHjiZfOOdSYuPKb+UGSxvntAkEUv9k+AKff2+pEPLf15ag==
  dependencies:
    "@pixi/core" "5.2.4"
    "@pixi/display" "5.2.4"
    "@pixi/math" "5.2.4"
    "@pixi/settings" "5.2.4"
    "@pixi/sprite" "5.2.4"
    "@pixi/utils" "5.2.4"

"@pixi/mixin-get-child-by-name@5.2.4":
  version "5.2.4"
  resolved "https://registry.yarnpkg.com/@pixi/mixin-get-child-by-name/-/mixin-get-child-by-name-5.2.4.tgz#a04c86712c197d15b0e38475976bc3e99b061692"
  integrity sha512-ykAtO1T1q1nC/VFl2ieB2ivhoCmD7NU5mAvCp3sd1nx1bTnAXuwPkg6IAxvSkGMkDdL1rzmHBFS3SsggLs6GGg==
  dependencies:
    "@pixi/display" "5.2.4"

"@pixi/mixin-get-global-position@5.2.4":
  version "5.2.4"
  resolved "https://registry.yarnpkg.com/@pixi/mixin-get-global-position/-/mixin-get-global-position-5.2.4.tgz#7da69cd2b2ec4f85b37e33d6434bfe6a3b568abd"
  integrity sha512-JX3QD3kbxIabnAz+IJxzdO4NWipwiUbMg9ByrPs4Ni/4d8L62DnPG6DFwqbmMA+jsHDHpC1g+ITVpz6Slf0CcQ==
  dependencies:
    "@pixi/display" "5.2.4"
    "@pixi/math" "5.2.4"

"@pixi/particles@5.2.4":
  version "5.2.4"
  resolved "https://registry.yarnpkg.com/@pixi/particles/-/particles-5.2.4.tgz#98b6043a8e0287ddac6b8a32aea0b2dcdd776da3"
  integrity sha512-jjr63o1R0OVXKafmmrYLKxCDqqcfdZcwn2dPn4c22QCtRhIBclyFfcupXnIgDaV4WA9V+exa69+enE5pPEboRw==
  dependencies:
    "@pixi/constants" "5.2.4"
    "@pixi/core" "5.2.4"
    "@pixi/display" "5.2.4"
    "@pixi/math" "5.2.4"
    "@pixi/utils" "5.2.4"

"@pixi/polyfill@5.2.4":
  version "5.2.4"
  resolved "https://registry.yarnpkg.com/@pixi/polyfill/-/polyfill-5.2.4.tgz#3a218a89194d39558e6765b84343f2f85dabc111"
  integrity sha512-XCb1xnRxtGT3ZuvtNVmKrSNszpyuMRtGufqpD0fou3BhonWFscCXZfCvx+vVTSJcztJ4tfP3H7BeatY6dc72Ag==
  dependencies:
    es6-promise-polyfill "^1.2.0"
    object-assign "^4.1.1"

"@pixi/prepare@5.2.4":
  version "5.2.4"
  resolved "https://registry.yarnpkg.com/@pixi/prepare/-/prepare-5.2.4.tgz#874ba615c0f471a145e88b7535dbde5b7da9f3c3"
  integrity sha512-LqVvwBTbSGhJx5lqt5B1plgXGUHhRhWh1Ek+7uBrw10fbUfVb0kH1EUvWyt1wkuap2QKvy6ITzrHsg6pBU8JSQ==
  dependencies:
    "@pixi/core" "5.2.4"
    "@pixi/display" "5.2.4"
    "@pixi/graphics" "5.2.4"
    "@pixi/settings" "5.2.4"
    "@pixi/text" "5.2.4"
    "@pixi/ticker" "5.2.4"

"@pixi/runner@5.2.4":
  version "5.2.4"
  resolved "https://registry.yarnpkg.com/@pixi/runner/-/runner-5.2.4.tgz#ad6a3820514906621cf0be8d6bc0a3b4bb5f6e45"
  integrity sha512-VLXZaldao2PT9vM/ea1H6nbUacokRqHbsBWvuJr5ugF+PLY9cGf6L5T6TGyNUuXp2b8RlIKeTxPig3kgL7CS2Q==

"@pixi/settings@5.2.4":
  version "5.2.4"
  resolved "https://registry.yarnpkg.com/@pixi/settings/-/settings-5.2.4.tgz#bc796ebeae0edbdc254d8443141a93eebc7b3265"
  integrity sha512-jF8oYx5nXNi6D3PdIB2RAKnCrekZ4Xb81KvWSzId2TXTC9p71oMPUqiK8pogaLOhWBUdDsVNNdjiZO2ajTmwOQ==
  dependencies:
    ismobilejs "^1.1.0"

"@pixi/sprite-animated@5.2.4":
  version "5.2.4"
  resolved "https://registry.yarnpkg.com/@pixi/sprite-animated/-/sprite-animated-5.2.4.tgz#6c0b80a4790221029d20ba69924d6e7f608fc9ea"
  integrity sha512-7+OoaHpLbHKAQe1wlY11u7gNu5KoNINJWGlsc7wFRHOW6QpNaOTaWyttpLQDfrLe0Z+rAawdqj0252nSKWRNPw==
  dependencies:
    "@pixi/core" "5.2.4"
    "@pixi/sprite" "5.2.4"
    "@pixi/ticker" "5.2.4"

"@pixi/sprite-tiling@5.2.4":
  version "5.2.4"
  resolved "https://registry.yarnpkg.com/@pixi/sprite-tiling/-/sprite-tiling-5.2.4.tgz#ffdc4516e3a00a78fc93732c950bae9bbadf0be9"
  integrity sha512-eCI/L0PvsiEmASQfGH2Wxk0yh+Ze0sNJT5bID1FFZaeOLVvOuRG6dKxEF32RamB/yzrQUyOwQDMtw3Ec3ZY/YQ==
  dependencies:
    "@pixi/constants" "5.2.4"
    "@pixi/core" "5.2.4"
    "@pixi/display" "5.2.4"
    "@pixi/math" "5.2.4"
    "@pixi/sprite" "5.2.4"
    "@pixi/utils" "5.2.4"

"@pixi/sprite@5.2.4":
  version "5.2.4"
  resolved "https://registry.yarnpkg.com/@pixi/sprite/-/sprite-5.2.4.tgz#5f5eb855fcc944af9f8459e5a018e139c36dbdd3"
  integrity sha512-YsR3D/XxU4XQLXB/MkZ5sSkM24EK1TDBbTSAHjbXJR+PgrP1ZE2oA0MuUwjug4BqZdJH3BTUUZKfUfwY8grXuA==
  dependencies:
    "@pixi/constants" "5.2.4"
    "@pixi/core" "5.2.4"
    "@pixi/display" "5.2.4"
    "@pixi/math" "5.2.4"
    "@pixi/settings" "5.2.4"
    "@pixi/utils" "5.2.4"

"@pixi/spritesheet@5.2.4":
  version "5.2.4"
  resolved "https://registry.yarnpkg.com/@pixi/spritesheet/-/spritesheet-5.2.4.tgz#8df570f7cb0421dacfe143cb7306ea20ceca0a85"
  integrity sha512-ytmc5sHXE0BmQe+QZ6SlldmPEWsqADBPQuYG3PolYkpt9Kt54vLTpFQGxS3xFGi2kHmNaKeuNSRFvfAjASOdCA==
  dependencies:
    "@pixi/core" "5.2.4"
    "@pixi/loaders" "5.2.4"
    "@pixi/math" "5.2.4"
    "@pixi/utils" "5.2.4"

"@pixi/text-bitmap@5.2.4":
  version "5.2.4"
  resolved "https://registry.yarnpkg.com/@pixi/text-bitmap/-/text-bitmap-5.2.4.tgz#86c6791fde7b719b28380fea1450959cdce8c047"
  integrity sha512-D6XLAiVwE9NI4DWfmX4IEcfpt12ljUgRxXjXl1LM9mAVjWO2llbAvlT06w9QqJIOhncCs0QHM/ICxl22xE04hQ==
  dependencies:
    "@pixi/core" "5.2.4"
    "@pixi/display" "5.2.4"
    "@pixi/loaders" "5.2.4"
    "@pixi/math" "5.2.4"
    "@pixi/settings" "5.2.4"
    "@pixi/sprite" "5.2.4"
    "@pixi/utils" "5.2.4"

"@pixi/text@5.2.4":
  version "5.2.4"
  resolved "https://registry.yarnpkg.com/@pixi/text/-/text-5.2.4.tgz#c88a1b41f293706caafd5330f41b2c3af06dff25"
  integrity sha512-fxuqMuKZeiZYwCM8oJDN+wXCMt5kRWVOFDInXvUEdeR6rg369YAk3qJeSDIoPTxASJJLPJ5a7b87JsVibxxErg==
  dependencies:
    "@pixi/core" "5.2.4"
    "@pixi/math" "5.2.4"
    "@pixi/settings" "5.2.4"
    "@pixi/sprite" "5.2.4"
    "@pixi/utils" "5.2.4"

"@pixi/ticker@5.2.4":
  version "5.2.4"
  resolved "https://registry.yarnpkg.com/@pixi/ticker/-/ticker-5.2.4.tgz#e5905bb8372ac3128ed4abfd39d5b41d48baddb9"
  integrity sha512-xM7kN+zhnv/q8WNrQ/EJKzmJBrhLcE7HtKFP2v0R3x7N76fqZu6a87C5ioNqJ8rKTThZ8wDOQ2sCN0tlapRFyg==
  dependencies:
    "@pixi/settings" "5.2.4"

"@pixi/utils@5.2.4":
  version "5.2.4"
  resolved "https://registry.yarnpkg.com/@pixi/utils/-/utils-5.2.4.tgz#0e9d05c8b39a1d3c6e54ad0cbbb242c244094046"
  integrity sha512-n/HFBp5MJaF8vrGUbDcf6TuaUmEW07nv96Y0c6teHhnl942pg1XITogOugnU31sW81Z9ra1BG8D39zU4JU0oSA==
  dependencies:
    "@pixi/constants" "5.2.4"
    "@pixi/settings" "5.2.4"
    earcut "^2.1.5"
    eventemitter3 "^3.1.0"
    url "^0.11.0"

"@rehooks/component-size@1.0.3":
  version "1.0.3"
  resolved "https://registry.yarnpkg.com/@rehooks/component-size/-/component-size-1.0.3.tgz#823eabeb42084893d46d43e3a9d1d0e34252b3cb"
  integrity sha512-pnYld+8SSF2vXwdLOqBGUyOrv/SjzwLjIUcs/4c1JJgR0q4E9eBtBfuZMD6zUD51fvSehSsbnlQMzotSmPTXPg==

"@sheerun/mutationobserver-shim@^0.3.2":
  version "0.3.3"
  resolved "https://registry.yarnpkg.com/@sheerun/mutationobserver-shim/-/mutationobserver-shim-0.3.3.tgz#5405ee8e444ed212db44e79351f0c70a582aae25"
  integrity sha512-DetpxZw1fzPD5xUBrIAoplLChO2VB8DlL5Gg+I1IR9b2wPqYIca2WSUxL5g1vLeR4MsQq1NeWriXAVffV+U1Fw==

"@testing-library/dom@^5.5.4":
  version "5.6.1"
  resolved "https://registry.yarnpkg.com/@testing-library/dom/-/dom-5.6.1.tgz#705a1cb4a039b877c1e69e916824038e837ab637"
  integrity sha512-Y1T2bjtvQMewffn1CJ28kpgnuvPYKsBcZMagEH0ppfEMZPDc8AkkEnTk4smrGZKw0cblNB3lhM2FMnpfLExlHg==
  dependencies:
    "@babel/runtime" "^7.5.5"
    "@sheerun/mutationobserver-shim" "^0.3.2"
    aria-query "3.0.0"
    pretty-format "^24.8.0"
    wait-for-expect "^1.2.0"

"@testing-library/react@8.0.5":
  version "8.0.5"
  resolved "https://registry.yarnpkg.com/@testing-library/react/-/react-8.0.5.tgz#2301011a8c5567eba59691860df19a3cfc9d7425"
  integrity sha512-2EzVi7HjUUF8gKzB4s+oCJ1+F4VOrphO+DlUO6Ptgtcz1ko4J2zqnr0t7g+T7uedXXjJ0wdq70zQMhJXP3w37A==
  dependencies:
    "@babel/runtime" "^7.5.4"
    "@testing-library/dom" "^5.5.4"

"@types/hoist-non-react-statics@^3.3.0":
  version "3.3.1"
  resolved "https://registry.yarnpkg.com/@types/hoist-non-react-statics/-/hoist-non-react-statics-3.3.1.tgz#1124aafe5118cb591977aeb1ceaaed1070eb039f"
  integrity sha512-iMIqiko6ooLrTh1joXodJK5X9xeEALT1kM5G3ZLhD3hszxBdIEd5C75U834D9mLcINgD4OyZf5uQXjkuYydWvA==
  dependencies:
    "@types/react" "*"
    hoist-non-react-statics "^3.3.0"

"@types/howler@^2.1.2":
  version "2.1.2"
  resolved "https://registry.yarnpkg.com/@types/howler/-/howler-2.1.2.tgz#318a9cac65eeb8ed7d453dd70c9367067d35137b"
  integrity sha512-gK7snhJcWVvTdiE6cCBAjeZ9od9Q8LmB5lEyB/3n6jMJOLn7EQ8Zvmkz8XPhnN5xB+b7QzCiqxJY3YiHrM3Jpg==

"@types/istanbul-lib-coverage@*", "@types/istanbul-lib-coverage@^2.0.0":
  version "2.0.1"
  resolved "https://registry.yarnpkg.com/@types/istanbul-lib-coverage/-/istanbul-lib-coverage-2.0.1.tgz#42995b446db9a48a11a07ec083499a860e9138ff"
  integrity sha512-hRJD2ahnnpLgsj6KWMYSrmXkM3rm2Dl1qkx6IOFD5FnuNPXJIG5L0dhgKXCYTRMGzU4n0wImQ/xfmRc4POUFlg==

"@types/istanbul-lib-report@*":
  version "3.0.0"
  resolved "https://registry.yarnpkg.com/@types/istanbul-lib-report/-/istanbul-lib-report-3.0.0.tgz#c14c24f18ea8190c118ee7562b7ff99a36552686"
  integrity sha512-plGgXAPfVKFoYfa9NpYDAkseG+g6Jr294RqeqcqDixSbU34MZVJRi/P+7Y8GDpzkEwLaGZZOpKIEmeVZNtKsrg==
  dependencies:
    "@types/istanbul-lib-coverage" "*"

"@types/istanbul-reports@^1.1.1":
  version "1.1.1"
  resolved "https://registry.yarnpkg.com/@types/istanbul-reports/-/istanbul-reports-1.1.1.tgz#7a8cbf6a406f36c8add871625b278eaf0b0d255a"
  integrity sha512-UpYjBi8xefVChsCoBpKShdxTllC9pwISirfoZsUa2AAdQg/Jd2KQGtSbw+ya7GPo7x/wAPlH6JBhKhAsXUEZNA==
  dependencies:
    "@types/istanbul-lib-coverage" "*"
    "@types/istanbul-lib-report" "*"

"@types/jquery@3.3.38":
  version "3.3.38"
  resolved "https://registry.yarnpkg.com/@types/jquery/-/jquery-3.3.38.tgz#6385f1e1b30bd2bff55ae8ee75ea42a999cc3608"
  integrity sha512-nkDvmx7x/6kDM5guu/YpXkGZ/Xj/IwGiLDdKM99YA5Vag7pjGyTJ8BNUh/6hxEn/sEu5DKtyRgnONJ7EmOoKrA==
  dependencies:
    "@types/sizzle" "*"

"@types/js-cookie@2.2.6":
  version "2.2.6"
  resolved "https://registry.yarnpkg.com/@types/js-cookie/-/js-cookie-2.2.6.tgz#f1a1cb35aff47bc5cfb05cb0c441ca91e914c26f"
  integrity sha512-+oY0FDTO2GYKEV0YPvSshGq9t7YozVkgvXLty7zogQNuCxBhT9/3INX9Q7H1aRZ4SUDRXAKlJuA4EA5nTt7SNw==

"@types/lodash@4.14.150":
  version "4.14.150"
  resolved "https://registry.yarnpkg.com/@types/lodash/-/lodash-4.14.150.tgz#649fe44684c3f1fcb6164d943c5a61977e8cf0bd"
  integrity sha512-kMNLM5JBcasgYscD9x/Gvr6lTAv2NVgsKtet/hm93qMyf/D1pt+7jeEZklKJKxMVmXjxbRVQQGfqDSfipYCO6w==

"@types/mixpanel-browser@^2.35.1":
  version "2.35.1"
  resolved "https://registry.yarnpkg.com/@types/mixpanel-browser/-/mixpanel-browser-2.35.1.tgz#e213608c12842561c959840dc00ca9eb620170bd"
  integrity sha512-cZHwGO8D23/VElZpdOMGucB1fb8KpsQEjvmWCL2l0Efru/VRriH8ubBd4EGS5J1u3bI6y9K/m8jS+mxvHMD+jQ==

"@types/node@*":
  version "13.13.5"
  resolved "https://registry.yarnpkg.com/@types/node/-/node-13.13.5.tgz#96ec3b0afafd64a4ccea9107b75bf8489f0e5765"
  integrity sha512-3ySmiBYJPqgjiHA7oEaIo2Rzz0HrOZ7yrNO5HWyaE5q0lQ3BppDZ3N53Miz8bw2I7gh1/zir2MGVZBvpb1zq9g==

"@types/parse@^2.12.1":
  version "2.12.1"
  resolved "https://registry.yarnpkg.com/@types/parse/-/parse-2.12.1.tgz#9dee5203d2457032669b08381ffe0d9736d16a3a"
  integrity sha512-gh2JvljlpSttyqvjkRX/AhfLW2tFHhMV0yd0xM4v7Hwl9YjQwkTM7yKUH/wYOGDi1FFWisKChv4RGqeUPCwVXA==
  dependencies:
    "@types/node" "*"

"@types/prop-types@*":
  version "15.7.3"
  resolved "https://registry.yarnpkg.com/@types/prop-types/-/prop-types-15.7.3.tgz#2ab0d5da2e5815f94b0b9d4b95d1e5f243ab2ca7"
  integrity sha512-KfRL3PuHmqQLOG+2tGpRO26Ctg+Cq1E01D2DMriKEATHgWLfeNDmq9e29Q9WIky0dQ3NPkd1mzYH8Lm936Z9qw==

"@types/rbush@3.0.0":
  version "3.0.0"
  resolved "https://registry.yarnpkg.com/@types/rbush/-/rbush-3.0.0.tgz#b6887d99b159e87ae23cd14eceff34f139842aa6"
  integrity sha512-W3ue/GYWXBOpkRm0VSoifrP3HV0Ni47aVJWvXyWMcbtpBy/l/K/smBRiJ+fI8f7shXRjZBiux+iJzYbh7VmcZg==

"@types/react-color@3.0.1":
  version "3.0.1"
  resolved "https://registry.yarnpkg.com/@types/react-color/-/react-color-3.0.1.tgz#5433e2f503ea0e0831cbc6fd0c20f8157d93add0"
  integrity sha512-J6mYm43Sid9y+OjZ7NDfJ2VVkeeuTPNVImNFITgQNXodHteKfl/t/5pAR5Z9buodZ2tCctsZjgiMlQOpfntakw==
  dependencies:
    "@types/react" "*"

"@types/react-dom@16.9.8":
  version "16.9.8"
  resolved "https://registry.yarnpkg.com/@types/react-dom/-/react-dom-16.9.8.tgz#fe4c1e11dfc67155733dfa6aa65108b4971cb423"
  integrity sha512-ykkPQ+5nFknnlU6lDd947WbQ6TE3NNzbQAkInC2EKY1qeYdTKp7onFusmYZb+ityzx2YviqT6BXSu+LyWWJwcA==
  dependencies:
    "@types/react" "*"

"@types/react-redux@7.1.8":
  version "7.1.8"
  resolved "https://registry.yarnpkg.com/@types/react-redux/-/react-redux-7.1.8.tgz#3631feb559f7858d6ad9eea1d6ef41fa64fe7205"
  integrity sha512-kpplH7Wg2SYU00sZVT98WBN0ou6QKrYcShRaW+5Vpe5l7bluKWJbWmAL+ieiso07OQzpcP5i1PeY3690640ZWg==
  dependencies:
    "@types/hoist-non-react-statics" "^3.3.0"
    "@types/react" "*"
    hoist-non-react-statics "^3.3.0"
    redux "^4.0.0"

"@types/react@*", "@types/react@16.9.35":
  version "16.9.35"
  resolved "https://registry.yarnpkg.com/@types/react/-/react-16.9.35.tgz#a0830d172e8aadd9bd41709ba2281a3124bbd368"
  integrity sha512-q0n0SsWcGc8nDqH2GJfWQWUOmZSJhXV64CjVN5SvcNti3TdEaA3AH0D8DwNmMdzjMAC/78tB8nAZIlV8yTz+zQ==
  dependencies:
    "@types/prop-types" "*"
    csstype "^2.2.0"

"@types/sizzle@*":
  version "2.3.2"
  resolved "https://registry.yarnpkg.com/@types/sizzle/-/sizzle-2.3.2.tgz#a811b8c18e2babab7d542b3365887ae2e4d9de47"
  integrity sha512-7EJYyKTL7tFR8+gDbB6Wwz/arpGa0Mywk1TJbNzKzHtzbwVmY4HR9WqS5VV7dsBUKQmPNr192jHr/VpBluj/hg==

"@types/tinycolor2@^1.4.2":
  version "1.4.2"
  resolved "https://registry.yarnpkg.com/@types/tinycolor2/-/tinycolor2-1.4.2.tgz#721ca5c5d1a2988b4a886e35c2ffc5735b6afbdf"
  integrity sha512-PeHg/AtdW6aaIO2a+98Xj7rWY4KC1E6yOy7AFknJQ7VXUGNrMlyxDFxJo7HqLtjQms/ZhhQX52mLVW/EX3JGOw==

"@types/yargs-parser@*":
  version "15.0.0"
  resolved "https://registry.yarnpkg.com/@types/yargs-parser/-/yargs-parser-15.0.0.tgz#cb3f9f741869e20cce330ffbeb9271590483882d"
  integrity sha512-FA/BWv8t8ZWJ+gEOnLLd8ygxH/2UFbAvgEonyfN6yWGLKc7zVjbpl2Y4CTjid9h2RfgPP6SEt6uHwEOply00yw==

"@types/yargs@^13.0.0":
  version "13.0.8"
  resolved "https://registry.yarnpkg.com/@types/yargs/-/yargs-13.0.8.tgz#a38c22def2f1c2068f8971acb3ea734eb3c64a99"
  integrity sha512-XAvHLwG7UQ+8M4caKIH0ZozIOYay5fQkAgyIXegXT9jPtdIGdhga+sUEdAr1CiG46aB+c64xQEYyEzlwWVTNzA==
  dependencies:
    "@types/yargs-parser" "*"

"@welldone-software/why-did-you-render@^4.2.1":
  version "4.2.1"
  resolved "https://registry.yarnpkg.com/@welldone-software/why-did-you-render/-/why-did-you-render-4.2.1.tgz#ea407028ac0ae105864b50c3fc202391d864d09d"
  integrity sha512-Q1jH++Sx0F09bU2eTEzAPuBxPiv/uxzgFfWMX1G8LqT4xzdGOrr287DD3lsfPpGLDLx9sqL8jMc0RoxorRewUg==
  dependencies:
    lodash "^4"

ansi-regex@^4.0.0:
  version "4.1.0"
  resolved "https://registry.yarnpkg.com/ansi-regex/-/ansi-regex-4.1.0.tgz#8b9f8f08cf1acb843756a839ca8c7e3168c51997"
  integrity sha512-1apePfXM1UOSqw0o9IiFAovVz9M5S1Dg+4TrDwfMewQ6p/rmMueb7tWZjQ1rx4Loy1ArBggoqGpfqqdI4rondg==

ansi-styles@^3.2.0:
  version "3.2.1"
  resolved "https://registry.yarnpkg.com/ansi-styles/-/ansi-styles-3.2.1.tgz#41fbb20243e50b12be0f04b8dedbf07520ce841d"
  integrity sha512-VT0ZI6kZRdTh8YyJw3SMbYm/u+NqfsAxEpWO0Pf9sq8/e94WxxOpPKx9FR1FlyCtOVDNOQ+8ntlqFxiRc+r5qA==
  dependencies:
    color-convert "^1.9.0"

aria-query@3.0.0:
  version "3.0.0"
  resolved "https://registry.yarnpkg.com/aria-query/-/aria-query-3.0.0.tgz#65b3fcc1ca1155a8c9ae64d6eee297f15d5133cc"
  integrity sha1-ZbP8wcoRVajJrmTW7uKX8V1RM8w=
  dependencies:
    ast-types-flow "0.0.7"
    commander "^2.11.0"

asap@~2.0.3:
  version "2.0.6"
  resolved "https://registry.yarnpkg.com/asap/-/asap-2.0.6.tgz#e50347611d7e690943208bbdafebcbc2fb866d46"
  integrity sha1-5QNHYR1+aQlDIIu9r+vLwvuGbUY=

ast-types-flow@0.0.7:
  version "0.0.7"
  resolved "https://registry.yarnpkg.com/ast-types-flow/-/ast-types-flow-0.0.7.tgz#f70b735c6bca1a5c9c22d982c3e39e7feba3bdad"
  integrity sha1-9wtzXGvKGlycItmCw+Oef+ujva0=

color-convert@^1.9.0:
  version "1.9.3"
  resolved "https://registry.yarnpkg.com/color-convert/-/color-convert-1.9.3.tgz#bb71850690e1f136567de629d2d5471deda4c1e8"
  integrity sha512-QfAUtd+vFdAtFQcC8CCyYt1fYWxSqAiK2cSD6zDB8N3cpsEBAvRxp9zOGg6G/SHHJYAT88/az/IuDGALsNVbGg==
  dependencies:
    color-name "1.1.3"

color-name@1.1.3:
  version "1.1.3"
  resolved "https://registry.yarnpkg.com/color-name/-/color-name-1.1.3.tgz#a7d0558bd89c42f795dd42328f740831ca53bc25"
  integrity sha1-p9BVi9icQveV3UIyj3QIMcpTvCU=

commander@^2.11.0:
  version "2.20.3"
  resolved "https://registry.yarnpkg.com/commander/-/commander-2.20.3.tgz#fd485e84c03eb4881c20722ba48035e8531aeb33"
  integrity sha512-GpVkmM8vF2vQUkj2LvZmD35JxeJOLCwJ9cUkugyk2nuhbv3+mJvpLYYt+0+USMxE+oj+ey/lJEnhZw75x/OMcQ==

core-js-pure@^3.0.0:
  version "3.6.5"
  resolved "https://registry.yarnpkg.com/core-js-pure/-/core-js-pure-3.6.5.tgz#c79e75f5e38dbc85a662d91eea52b8256d53b813"
  integrity sha512-lacdXOimsiD0QyNf9BC/mxivNJ/ybBGJXQFKzRekp1WTHoVUWsUHEn+2T8GJAzzIhyOuXA+gOxCVN3l+5PLPUA==

core-js@^2.4.1:
  version "2.6.11"
  resolved "https://registry.yarnpkg.com/core-js/-/core-js-2.6.11.tgz#38831469f9922bded8ee21c9dc46985e0399308c"
  integrity sha512-5wjnpaT/3dV+XB4borEsnAYQchn00XSgTAWKDkEqv+K8KevjbzmofK6hfJ9TZIlpj2N0xQpazy7PiRQiWHqzWg==

crypto-js@4.0.0:
  version "4.0.0"
  resolved "https://registry.yarnpkg.com/crypto-js/-/crypto-js-4.0.0.tgz#2904ab2677a9d042856a2ea2ef80de92e4a36dcc"
  integrity sha512-bzHZN8Pn+gS7DQA6n+iUmBfl0hO5DJq++QP3U6uTucDtk/0iGpXd/Gg7CGR0p8tJhofJyaKoWBuJI4eAO00BBg==

csstype@^2.2.0:
  version "2.6.10"
  resolved "https://registry.yarnpkg.com/csstype/-/csstype-2.6.10.tgz#e63af50e66d7c266edb6b32909cfd0aabe03928b"
  integrity sha512-D34BqZU4cIlMCY93rZHbrq9pjTAQJ3U8S8rfBqjwHxkGPThWFjzZDQpgMJY0QViLxth6ZKYiwFBo14RdN44U/w==

earcut@^2.1.5:
  version "2.2.2"
  resolved "https://registry.yarnpkg.com/earcut/-/earcut-2.2.2.tgz#41b0bc35f63e0fe80da7cddff28511e7e2e80d11"
  integrity sha512-eZoZPPJcUHnfRZ0PjLvx2qBordSiO8ofC3vt+qACLM95u+4DovnbYNpQtJh0DNsWj8RnxrQytD4WA8gj5cRIaQ==

encoding@^0.1.11:
  version "0.1.12"
  resolved "https://registry.yarnpkg.com/encoding/-/encoding-0.1.12.tgz#538b66f3ee62cd1ab51ec323829d1f9480c74beb"
  integrity sha1-U4tm8+5izRq1HsMjgp0flIDHS+s=
  dependencies:
    iconv-lite "~0.4.13"

es6-promise-polyfill@^1.2.0:
  version "1.2.0"
  resolved "https://registry.yarnpkg.com/es6-promise-polyfill/-/es6-promise-polyfill-1.2.0.tgz#f38925f23cb3e3e8ce6cda8ff774fcebbb090cde"
  integrity sha1-84kl8jyz4+jObNqP93T867sJDN4=

eventemitter3@^3.1.0:
  version "3.1.2"
  resolved "https://registry.yarnpkg.com/eventemitter3/-/eventemitter3-3.1.2.tgz#2d3d48f9c346698fce83a85d7d664e98535df6e7"
  integrity sha512-tvtQIeLVHjDkJYnzf2dgVMxfuSGJeM/7UCG17TT4EumTfNtF+0nebF/4zWOIkCreAbtNqhGEboB6BWrwqNaw4Q==

fbjs-css-vars@^1.0.0:
  version "1.0.2"
  resolved "https://registry.yarnpkg.com/fbjs-css-vars/-/fbjs-css-vars-1.0.2.tgz#216551136ae02fe255932c3ec8775f18e2c078b8"
  integrity sha512-b2XGFAFdWZWg0phtAWLHCk836A1Xann+I+Dgd3Gk64MHKZO44FfoD1KxyvbSh0qZsIoXQGGlVztIY+oitJPpRQ==

fbjs@^1.0.0:
  version "1.0.0"
  resolved "https://registry.yarnpkg.com/fbjs/-/fbjs-1.0.0.tgz#52c215e0883a3c86af2a7a776ed51525ae8e0a5a"
  integrity sha512-MUgcMEJaFhCaF1QtWGnmq9ZDRAzECTCRAF7O6UZIlAlkTs1SasiX9aP0Iw7wfD2mJ7wDTNfg2w7u5fSCwJk1OA==
  dependencies:
    core-js "^2.4.1"
    fbjs-css-vars "^1.0.0"
    isomorphic-fetch "^2.1.1"
    loose-envify "^1.0.0"
    object-assign "^4.1.0"
    promise "^7.1.1"
    setimmediate "^1.0.5"
    ua-parser-js "^0.7.18"

hoist-non-react-statics@^3.3.0:
  version "3.3.2"
  resolved "https://registry.yarnpkg.com/hoist-non-react-statics/-/hoist-non-react-statics-3.3.2.tgz#ece0acaf71d62c2969c2ec59feff42a4b1a85b45"
  integrity sha512-/gGivxi8JPKWNm/W0jSmzcMPpfpPLc3dY/6GxhX2hQ9iGj3aDfklV4ET7NjKpSinLpJ5vafa9iiGIEZg10SfBw==
  dependencies:
    react-is "^16.7.0"

howler@^2.1.3:
  version "2.1.3"
  resolved "https://registry.yarnpkg.com/howler/-/howler-2.1.3.tgz#07c88618f8767e879407a4d647fe2d6d5f15f121"
  integrity sha512-PSGbOi1EYgw80C5UQbxtJM7TmzD+giJunIMBYyH3RVzHZx2fZLYBoes0SpVVHi/SFa1GoNtgXj/j6I7NOKYBxQ==

iconv-lite@~0.4.13:
  version "0.4.24"
  resolved "https://registry.yarnpkg.com/iconv-lite/-/iconv-lite-0.4.24.tgz#2022b4b25fbddc21d2f524974a474aafe733908b"
  integrity sha512-v3MXnZAcvnywkTUEZomIActle7RXXeedOR31wwl7VlyoXO4Qi9arvSenNQWne1TcRwhCL1HwLI21bEqdpj8/rA==
  dependencies:
    safer-buffer ">= 2.1.2 < 3"

is-stream@^1.0.1:
  version "1.1.0"
  resolved "https://registry.yarnpkg.com/is-stream/-/is-stream-1.1.0.tgz#12d4a3dd4e68e0b79ceb8dbc84173ae80d91ca44"
  integrity sha1-EtSj3U5o4Lec6428hBc66A2RykQ=

ismobilejs@^1.1.0:
  version "1.1.1"
  resolved "https://registry.yarnpkg.com/ismobilejs/-/ismobilejs-1.1.1.tgz#c56ca0ae8e52b24ca0f22ba5ef3215a2ddbbaa0e"
  integrity sha512-VaFW53yt8QO61k2WJui0dHf4SlL8lxBofUuUmwBo0ljPk0Drz2TiuDW4jo3wDcv41qy/SxrJ+VAzJ/qYqsmzRw==

isomorphic-fetch@^2.1.1:
  version "2.2.1"
  resolved "https://registry.yarnpkg.com/isomorphic-fetch/-/isomorphic-fetch-2.2.1.tgz#611ae1acf14f5e81f729507472819fe9733558a9"
  integrity sha1-YRrhrPFPXoH3KVB0coGf6XM1WKk=
  dependencies:
    node-fetch "^1.0.1"
    whatwg-fetch ">=0.10.0"

js-cookie@2.2.1:
  version "2.2.1"
  resolved "https://registry.yarnpkg.com/js-cookie/-/js-cookie-2.2.1.tgz#69e106dc5d5806894562902aa5baec3744e9b2b8"
  integrity sha512-HvdH2LzI/EAZcUwA8+0nKNtWHqS+ZmijLA30RwZA0bo7ToCckjK5MkGhjED9KoRcXO6BaGI3I9UIzSA1FKFPOQ==

"js-tokens@^3.0.0 || ^4.0.0":
  version "4.0.0"
  resolved "https://registry.yarnpkg.com/js-tokens/-/js-tokens-4.0.0.tgz#19203fb59991df98e3a287050d4647cdeaf32499"
  integrity sha512-RdJUflcE3cUzKiMqQgsCu06FPu9UdIJO0beYbPhHN4k6apgJtifcoCtT9bcxOpYBtpD2kCM6Sbzg4CausW/PKQ==

lodash@4.17.15, lodash@^4, lodash@^4.0.1, lodash@^4.17.11:
  version "4.17.15"
  resolved "https://registry.yarnpkg.com/lodash/-/lodash-4.17.15.tgz#b447f6670a0455bbfeedd11392eff330ea097548"
  integrity sha512-8xOcRHvCjnocdS5cpwXQXVzmmh5e5+saE2QGoeQmbKmRS6J3VQppPOIt0MnmE+4xlZoumy0GPG0D0MVIQbNA1A==

loose-envify@^1.0.0, loose-envify@^1.1.0, loose-envify@^1.4.0:
  version "1.4.0"
  resolved "https://registry.yarnpkg.com/loose-envify/-/loose-envify-1.4.0.tgz#71ee51fa7be4caec1a63839f7e682d8132d30caf"
  integrity sha512-lyuxPGr/Wfhrlem2CL/UcnUc1zcqKAImBDzukY7Y5F/yQiNdko6+fRLevlw1HgMySw7f611UIY408EtxRSoK3Q==
  dependencies:
    js-tokens "^3.0.0 || ^4.0.0"

material-colors@^1.2.1:
  version "1.2.6"
  resolved "https://registry.yarnpkg.com/material-colors/-/material-colors-1.2.6.tgz#6d1958871126992ceecc72f4bcc4d8f010865f46"
  integrity sha512-6qE4B9deFBIa9YSpOc9O0Sgc43zTeVYbgDT5veRKSlB2+ZuHNoVVxA1L/ckMUayV9Ay9y7Z/SZCLcGteW9i7bg==

mini-signals@^1.2.0:
  version "1.2.0"
  resolved "https://registry.yarnpkg.com/mini-signals/-/mini-signals-1.2.0.tgz#45b08013c5fae51a24aa1a935cd317c9ed721d74"
  integrity sha1-RbCAE8X65RokqhqTXNMXye1yHXQ=

mixpanel-browser@^2.36.0:
  version "2.36.0"
  resolved "https://registry.yarnpkg.com/mixpanel-browser/-/mixpanel-browser-2.36.0.tgz#2a7c042309c9eeac520c6bc87295fcd05e74599b"
  integrity sha512-5MJvMYsfkRKGtNsCnJeODYWqhtyT3BSK2XoO0Oy9+fLSEvPLTBbNDSlP6xCBeWeBb2CmCmqWnweheVTT1ls78g==

nanoid@3.1.6:
  version "3.1.6"
  resolved "https://registry.yarnpkg.com/nanoid/-/nanoid-3.1.6.tgz#f591cc886c14e5b2c4da753db0ac547fac1fee6a"
  integrity sha512-Kp/sUTkDjStVFvT4W0OO1Z1jJWhnxIa1TNJ1F+G27IPC+FOc3aqbX8OMptcZE4vRrzREjttOHut5PbC11F7KBQ==

node-fetch@^1.0.1:
  version "1.7.3"
  resolved "https://registry.yarnpkg.com/node-fetch/-/node-fetch-1.7.3.tgz#980f6f72d85211a5347c6b2bc18c5b84c3eb47ef"
  integrity sha512-NhZ4CsKx7cYm2vSrBAr2PvFOe6sWDf0UYLRqA6svUYg7+/TSfVAu49jYC4BvQ4Sms9SZgdqGBgroqfDhJdTyKQ==
  dependencies:
    encoding "^0.1.11"
    is-stream "^1.0.1"

object-assign@^4.1.0, object-assign@^4.1.1:
  version "4.1.1"
  resolved "https://registry.yarnpkg.com/object-assign/-/object-assign-4.1.1.tgz#2109adc7965887cfc05cbbd442cac8bfbb360863"
  integrity sha1-IQmtx5ZYh8/AXLvUQsrIv7s2CGM=

parse-uri@^1.0.0:
  version "1.0.0"
  resolved "https://registry.yarnpkg.com/parse-uri/-/parse-uri-1.0.0.tgz#2872dcc22f1a797acde1583d8a0ac29552ddac20"
  integrity sha1-KHLcwi8aeXrN4Vg9igrClVLdrCA=

parse@^2.13.0:
  version "2.13.0"
  resolved "https://registry.yarnpkg.com/parse/-/parse-2.13.0.tgz#6f102e55c30bdef1b6136fefbf3a1b5293fd3969"
  integrity sha512-0W7FBmtjtVpaxf+AK8S2+o6rosV4vzzvB9ba/8Y+7wWNPiy/9L8s+F0gI5ADYx/KbRqF0uR/9Q+FzbJB6IZ0Sw==
  dependencies:
    "@babel/runtime" "7.9.2"
    "@babel/runtime-corejs3" "7.9.2"
    crypto-js "4.0.0"
    react-native-crypto-js "1.0.0"
    uuid "3.3.3"
    ws "7.2.5"
    xmlhttprequest "1.8.0"

performance-now@^2.1.0:
  version "2.1.0"
  resolved "https://registry.yarnpkg.com/performance-now/-/performance-now-2.1.0.tgz#6309f4e0e5fa913ec1c69307ae364b4b377c9e7b"
  integrity sha1-Ywn04OX6kT7BxpMHrjZLSzd8nns=

pixi.js@^5.2.4:
  version "5.2.4"
  resolved "https://registry.yarnpkg.com/pixi.js/-/pixi.js-5.2.4.tgz#272b172c44e3cb77f7a7851d252576e75b0a4c87"
  integrity sha512-QNmWPI1VscGleR2jUDiBlH9Lq8wh5mqi6K8RRUpW3O1xOXAKDTpD/TPA9EHzkYI9axag/AcChS7aiJVnwV2ytw==
  dependencies:
    "@pixi/accessibility" "5.2.4"
    "@pixi/app" "5.2.4"
    "@pixi/constants" "5.2.4"
    "@pixi/core" "5.2.4"
    "@pixi/display" "5.2.4"
    "@pixi/extract" "5.2.4"
    "@pixi/filter-alpha" "5.2.4"
    "@pixi/filter-blur" "5.2.4"
    "@pixi/filter-color-matrix" "5.2.4"
    "@pixi/filter-displacement" "5.2.4"
    "@pixi/filter-fxaa" "5.2.4"
    "@pixi/filter-noise" "5.2.4"
    "@pixi/graphics" "5.2.4"
    "@pixi/interaction" "5.2.4"
    "@pixi/loaders" "5.2.4"
    "@pixi/math" "5.2.4"
    "@pixi/mesh" "5.2.4"
    "@pixi/mesh-extras" "5.2.4"
    "@pixi/mixin-cache-as-bitmap" "5.2.4"
    "@pixi/mixin-get-child-by-name" "5.2.4"
    "@pixi/mixin-get-global-position" "5.2.4"
    "@pixi/particles" "5.2.4"
    "@pixi/polyfill" "5.2.4"
    "@pixi/prepare" "5.2.4"
    "@pixi/runner" "5.2.4"
    "@pixi/settings" "5.2.4"
    "@pixi/sprite" "5.2.4"
    "@pixi/sprite-animated" "5.2.4"
    "@pixi/sprite-tiling" "5.2.4"
    "@pixi/spritesheet" "5.2.4"
    "@pixi/text" "5.2.4"
    "@pixi/text-bitmap" "5.2.4"
    "@pixi/ticker" "5.2.4"
    "@pixi/utils" "5.2.4"

pretty-format@^24.8.0:
  version "24.9.0"
  resolved "https://registry.yarnpkg.com/pretty-format/-/pretty-format-24.9.0.tgz#12fac31b37019a4eea3c11aa9a959eb7628aa7c9"
  integrity sha512-00ZMZUiHaJrNfk33guavqgvfJS30sLYf0f8+Srklv0AMPodGGHcoHgksZ3OThYnIvOd+8yMCn0YiEOogjlgsnA==
  dependencies:
    "@jest/types" "^24.9.0"
    ansi-regex "^4.0.0"
    ansi-styles "^3.2.0"
    react-is "^16.8.4"

promise@^7.1.1:
  version "7.3.1"
  resolved "https://registry.yarnpkg.com/promise/-/promise-7.3.1.tgz#064b72602b18f90f29192b8b1bc418ffd1ebd3bf"
  integrity sha512-nolQXZ/4L+bP/UGlkfaIujX9BKxGwmQ9OT4mOt5yvy8iK1h3wqTEJCijzGANTCCl9nWjY41juyAn2K3Q1hLLTg==
  dependencies:
    asap "~2.0.3"

prop-types@^15.5.10, prop-types@^15.6.2, prop-types@^15.7.2:
  version "15.7.2"
  resolved "https://registry.yarnpkg.com/prop-types/-/prop-types-15.7.2.tgz#52c41e75b8c87e72b9d9360e0206b99dcbffa6c5"
  integrity sha512-8QQikdH7//R2vurIJSutZ1smHYTcLpRWEOlHnzcWHmBYrOGUysKwSsrC89BCiFj3CbrfJ/nXFdJepOVrY1GCHQ==
  dependencies:
    loose-envify "^1.4.0"
    object-assign "^4.1.1"
    react-is "^16.8.1"

punycode@1.3.2:
  version "1.3.2"
  resolved "https://registry.yarnpkg.com/punycode/-/punycode-1.3.2.tgz#9653a036fb7c1ee42342f2325cceefea3926c48d"
  integrity sha1-llOgNvt8HuQjQvIyXM7v6jkmxI0=

querystring@0.2.0:
  version "0.2.0"
  resolved "https://registry.yarnpkg.com/querystring/-/querystring-0.2.0.tgz#b209849203bb25df820da756e747005878521620"
  integrity sha1-sgmEkgO7Jd+CDadW50cAWHhSFiA=

quickselect@^2.0.0:
  version "2.0.0"
  resolved "https://registry.yarnpkg.com/quickselect/-/quickselect-2.0.0.tgz#f19680a486a5eefb581303e023e98faaf25dd018"
  integrity sha512-RKJ22hX8mHe3Y6wH/N3wCM6BWtjaxIyyUIkpHOvfFnxdI4yD4tBXEBKSbriGujF6jnSVkJrffuo6vxACiSSxIw==

rbush@3.0.1:
  version "3.0.1"
  resolved "https://registry.yarnpkg.com/rbush/-/rbush-3.0.1.tgz#5fafa8a79b3b9afdfe5008403a720cc1de882ecf"
  integrity sha512-XRaVO0YecOpEuIvbhbpTrZgoiI6xBlz6hnlr6EHhd+0x9ase6EmeN+hdwwUaJvLcsFFQ8iWVF1GAK1yB0BWi0w==
  dependencies:
    quickselect "^2.0.0"

react-color@2.18.1:
  version "2.18.1"
  resolved "https://registry.yarnpkg.com/react-color/-/react-color-2.18.1.tgz#2cda8cc8e06a9e2c52ad391a30ddad31972472f4"
  integrity sha512-X5XpyJS6ncplZs74ak0JJoqPi+33Nzpv5RYWWxn17bslih+X7OlgmfpmGC1fNvdkK7/SGWYf1JJdn7D2n5gSuQ==
  dependencies:
    "@icons/material" "^0.2.4"
    lodash "^4.17.11"
    material-colors "^1.2.1"
    prop-types "^15.5.10"
    reactcss "^1.2.0"
    tinycolor2 "^1.4.1"

react-dom@16.13.1:
  version "16.13.1"
  resolved "https://registry.yarnpkg.com/react-dom/-/react-dom-16.13.1.tgz#c1bd37331a0486c078ee54c4740720993b2e0e7f"
  integrity sha512-81PIMmVLnCNLO/fFOQxdQkvEq/+Hfpv24XNJfpyZhTRfO0QcmQIF/PgCa1zCOj2w1hrn12MFLyaJ/G0+Mxtfag==
  dependencies:
    loose-envify "^1.1.0"
    object-assign "^4.1.1"
    prop-types "^15.6.2"
    scheduler "^0.19.1"

react-is@^16.7.0, react-is@^16.8.1, react-is@^16.8.4, react-is@^16.9.0:
  version "16.13.1"
  resolved "https://registry.yarnpkg.com/react-is/-/react-is-16.13.1.tgz#789729a4dc36de2999dc156dd6c1d9c18cea56a4"
  integrity sha512-24e6ynE2H+OKt4kqsOvNd8kBpV65zoxbA4BVsEOB3ARVWQki/DHzaUoC5KuON/BiccDaCCTZBuOcfZs70kR8bQ==

react-native-crypto-js@1.0.0:
  version "1.0.0"
  resolved "https://registry.yarnpkg.com/react-native-crypto-js/-/react-native-crypto-js-1.0.0.tgz#e677e022e147f41b35614416c92d655f87e2450a"
  integrity sha512-FNbLuG/HAdapQoybeZSoes1PWdOj0w242gb+e1R0hicf3Gyj/Mf8M9NaED2AnXVOX01b2FXomwUiw1xP1K+8sA==

react-reconciler@0.21.0-alpha.0:
  version "0.21.0-alpha.0"
  resolved "https://registry.yarnpkg.com/react-reconciler/-/react-reconciler-0.21.0-alpha.0.tgz#9a05c014efc75bcf3b5952e8e55a00d2e9ad0b4f"
  integrity sha512-iS7+3PpuLHLEpFoFa4OopFx3Ra/K5Ub/pib5G/sYRRd+VohdHJkMr8n2DAU74TrDeW3kPbRXDzL6wo08C1FqpQ==
  dependencies:
    loose-envify "^1.1.0"
    object-assign "^4.1.1"
    prop-types "^15.6.2"
    scheduler "^0.14.0-alpha.0"

react-redux@7.2.0:
  version "7.2.0"
  resolved "https://registry.yarnpkg.com/react-redux/-/react-redux-7.2.0.tgz#f970f62192b3981642fec46fd0db18a074fe879d"
  integrity sha512-EvCAZYGfOLqwV7gh849xy9/pt55rJXPwmYvI4lilPM5rUT/1NxuuN59ipdBksRVSvz0KInbPnp4IfoXJXCqiDA==
  dependencies:
    "@babel/runtime" "^7.5.5"
    hoist-non-react-statics "^3.3.0"
    loose-envify "^1.4.0"
    prop-types "^15.7.2"
    react-is "^16.9.0"

react@16.13.1:
  version "16.13.1"
  resolved "https://registry.yarnpkg.com/react/-/react-16.13.1.tgz#2e818822f1a9743122c063d6410d85c1e3afe48e"
  integrity sha512-YMZQQq32xHLX0bz5Mnibv1/LHb3Sqzngu7xstSM+vrkE5Kzr9xE0yMByK5kMoTK30YVJE61WfbxIFFvfeDKT1w==
  dependencies:
    loose-envify "^1.1.0"
    object-assign "^4.1.1"
    prop-types "^15.6.2"

reactcss@^1.2.0:
  version "1.2.3"
  resolved "https://registry.yarnpkg.com/reactcss/-/reactcss-1.2.3.tgz#c00013875e557b1cf0dfd9a368a1c3dab3b548dd"
  integrity sha512-KiwVUcFu1RErkI97ywr8nvx8dNOpT03rbnma0SSalTYjkrPYaEajR4a/MRt6DZ46K6arDRbWMNHF+xH7G7n/8A==
  dependencies:
    lodash "^4.0.1"

redux-devtools-extension@2.13.8:
  version "2.13.8"
  resolved "https://registry.yarnpkg.com/redux-devtools-extension/-/redux-devtools-extension-2.13.8.tgz#37b982688626e5e4993ff87220c9bbb7cd2d96e1"
  integrity sha512-8qlpooP2QqPtZHQZRhx3x3OP5skEV1py/zUdMY28WNAocbafxdG2tRD1MWE7sp8obGMNYuLWanhhQ7EQvT1FBg==

redux-persist@6.0.0:
  version "6.0.0"
  resolved "https://registry.yarnpkg.com/redux-persist/-/redux-persist-6.0.0.tgz#b4d2972f9859597c130d40d4b146fecdab51b3a8"
  integrity sha512-71LLMbUq2r02ng2We9S215LtPu3fY0KgaGE0k8WRgl6RkqxtGfl7HUozz1Dftwsb0D/5mZ8dwAaPbtnzfvbEwQ==

redux@4.0.5, redux@^4.0.0:
  version "4.0.5"
  resolved "https://registry.yarnpkg.com/redux/-/redux-4.0.5.tgz#4db5de5816e17891de8a80c424232d06f051d93f"
  integrity sha512-VSz1uMAH24DM6MF72vcojpYPtrTUu3ByVWfPL1nPfVRb5mZVTve5GnNCUV53QM/BZ66xfWrm0CTWoM+Xlz8V1w==
  dependencies:
    loose-envify "^1.4.0"
    symbol-observable "^1.2.0"

regenerator-runtime@^0.13.4:
  version "0.13.5"
  resolved "https://registry.yarnpkg.com/regenerator-runtime/-/regenerator-runtime-0.13.5.tgz#d878a1d094b4306d10b9096484b33ebd55e26697"
  integrity sha512-ZS5w8CpKFinUzOwW3c83oPeVXoNsrLsaCoLtJvAClH135j/R77RuymhiSErhm2lKcwSCIpmvIWSbDkIfAqKQlA==

reselect@4.0.0:
  version "4.0.0"
  resolved "https://registry.yarnpkg.com/reselect/-/reselect-4.0.0.tgz#f2529830e5d3d0e021408b246a206ef4ea4437f7"
  integrity sha512-qUgANli03jjAyGlnbYVAV5vvnOmJnODyABz51RdBN7M4WaVu8mecZWgyQNkG8Yqe3KRGRt0l4K4B3XVEULC4CA==

resize-observer-polyfill@1.5.1:
  version "1.5.1"
  resolved "https://registry.yarnpkg.com/resize-observer-polyfill/-/resize-observer-polyfill-1.5.1.tgz#0e9020dd3d21024458d4ebd27e23e40269810464"
  integrity sha512-LwZrotdHOo12nQuZlHEmtuXdqGoOD0OhaxopaNFxWzInpEgaLWoVuAMbTzixuosCx2nEG58ngzW3vxdWoxIgdg==

resource-loader@^3.0.1:
  version "3.0.1"
  resolved "https://registry.yarnpkg.com/resource-loader/-/resource-loader-3.0.1.tgz#33355bb5421e2994f59454bbc7f6dbff8df06d47"
  integrity sha512-fBuCRbEHdLCI1eglzQhUv9Rrdcmqkydr1r6uHE2cYHvRBrcLXeSmbE/qI/urFt8rPr/IGxir3BUwM5kUK8XoyA==
  dependencies:
    mini-signals "^1.2.0"
    parse-uri "^1.0.0"

"safer-buffer@>= 2.1.2 < 3":
  version "2.1.2"
  resolved "https://registry.yarnpkg.com/safer-buffer/-/safer-buffer-2.1.2.tgz#44fa161b0187b9549dd84bb91802f9bd8385cd6a"
  integrity sha512-YZo3K82SD7Riyi0E1EQPojLz7kpepnSQI9IyPbHHg1XXXevb5dJI7tpyN2ADxGcQbHG7vcyRHk0cbwqcQriUtg==

scheduler@^0.14.0-alpha.0:
  version "0.14.0"
  resolved "https://registry.yarnpkg.com/scheduler/-/scheduler-0.14.0.tgz#b392c23c9c14bfa2933d4740ad5603cc0d59ea5b"
  integrity sha512-9CgbS06Kki2f4R9FjLSITjZo5BZxPsryiRNyL3LpvrM9WxcVmhlqAOc9E+KQbeI2nqej4JIIbOsfdL51cNb4Iw==
  dependencies:
    loose-envify "^1.1.0"
    object-assign "^4.1.1"

scheduler@^0.19.1:
  version "0.19.1"
  resolved "https://registry.yarnpkg.com/scheduler/-/scheduler-0.19.1.tgz#4f3e2ed2c1a7d65681f4c854fa8c5a1ccb40f196"
  integrity sha512-n/zwRWRYSUj0/3g/otKDRPMh6qv2SYMWNq85IEa8iZyAv8od9zDYpGSnpBEjNgcMNq6Scbu5KfIPxNF72R/2EA==
  dependencies:
    loose-envify "^1.1.0"
    object-assign "^4.1.1"

setimmediate@^1.0.5:
  version "1.0.5"
  resolved "https://registry.yarnpkg.com/setimmediate/-/setimmediate-1.0.5.tgz#290cbb232e306942d7d7ea9b83732ab7856f8285"
  integrity sha1-KQy7Iy4waULX1+qbg3Mqt4VvgoU=

symbol-observable@^1.2.0:
  version "1.2.0"
  resolved "https://registry.yarnpkg.com/symbol-observable/-/symbol-observable-1.2.0.tgz#c22688aed4eab3cdc2dfeacbb561660560a00804"
  integrity sha512-e900nM8RRtGhlV36KGEU9k65K3mPb1WV70OdjfxlG2EAuM1noi/E/BaW/uMhL7bPEssK8QV57vN3esixjUvcXQ==

tinycolor2@^1.4.1:
  version "1.4.1"
  resolved "https://registry.yarnpkg.com/tinycolor2/-/tinycolor2-1.4.1.tgz#f4fad333447bc0b07d4dc8e9209d8f39a8ac77e8"
  integrity sha1-9PrTM0R7wLB9TcjpIJ2POaisd+g=

ts-easing@0.2.0:
  version "0.2.0"
  resolved "https://registry.yarnpkg.com/ts-easing/-/ts-easing-0.2.0.tgz#c8a8a35025105566588d87dbda05dd7fbfa5a4ec"
  integrity sha512-Z86EW+fFFh/IFB1fqQ3/+7Zpf9t2ebOAxNI/V6Wo7r5gqiqtxmgTlQ1qbqQcjLKYeSHPTsEmvlJUDg/EuL0uHQ==

ts-keycode-enum@1.0.6:
  version "1.0.6"
  resolved "https://registry.yarnpkg.com/ts-keycode-enum/-/ts-keycode-enum-1.0.6.tgz#aeefd1c2fc7b0557f86a0e696e300905bbb4c1c1"
  integrity sha512-DF8+Cf/FJJnPRxwz8agCoDelQXKZWQOS/gnnwx01nZ106tPJdB3BgJ9QTtLwXgR82D8O+nTjuZzWgf0Rg4vuRA==

ua-parser-js@^0.7.18:
  version "0.7.21"
  resolved "https://registry.yarnpkg.com/ua-parser-js/-/ua-parser-js-0.7.21.tgz#853cf9ce93f642f67174273cc34565ae6f308777"
  integrity sha512-+O8/qh/Qj8CgC6eYBVBykMrNtp5Gebn4dlGD/kKXVkJNDwyrAwSIqwz8CDf+tsAIWVycKcku6gIXJ0qwx/ZXaQ==

url@^0.11.0:
  version "0.11.0"
  resolved "https://registry.yarnpkg.com/url/-/url-0.11.0.tgz#3838e97cfc60521eb73c525a8e55bfdd9e2e28f1"
  integrity sha1-ODjpfPxgUh63PFJajlW/3Z4uKPE=
  dependencies:
    punycode "1.3.2"
    querystring "0.2.0"

uuid@3.3.3:
  version "3.3.3"
  resolved "https://registry.yarnpkg.com/uuid/-/uuid-3.3.3.tgz#4568f0216e78760ee1dbf3a4d2cf53e224112866"
  integrity sha512-pW0No1RGHgzlpHJO1nsVrHKpOEIxkGg1xB+v0ZmdNH5OAeAwzAVrCnI2/6Mtx+Uys6iaylxa+D3g4j63IKKjSQ==

wait-for-expect@^1.2.0:
  version "1.3.0"
  resolved "https://registry.yarnpkg.com/wait-for-expect/-/wait-for-expect-1.3.0.tgz#65241ce355425f907f5d127bdb5e72c412ff830c"
  integrity sha512-8fJU7jiA96HfGPt+P/UilelSAZfhMBJ52YhKzlmZQvKEZU2EcD1GQ0yqGB6liLdHjYtYAoGVigYwdxr5rktvzA==

whatwg-fetch@>=0.10.0:
  version "3.0.0"
  resolved "https://registry.yarnpkg.com/whatwg-fetch/-/whatwg-fetch-3.0.0.tgz#fc804e458cc460009b1a2b966bc8817d2578aefb"
  integrity sha512-9GSJUgz1D4MfyKU7KRqwOjXCXTqWdFNvEr7eUBYchQiVc744mqK/MzXPNR2WsPkmkOa4ywfg8C2n8h+13Bey1Q==

ws@7.2.5:
  version "7.2.5"
  resolved "https://registry.yarnpkg.com/ws/-/ws-7.2.5.tgz#abb1370d4626a5a9cd79d8de404aa18b3465d10d"
  integrity sha512-C34cIU4+DB2vMyAbmEKossWq2ZQDr6QEyuuCzWrM9zfw1sGc0mYiJ0UnG9zzNykt49C2Fi34hvr2vssFQRS6EA==

xmlhttprequest@1.8.0:
  version "1.8.0"
  resolved "https://registry.yarnpkg.com/xmlhttprequest/-/xmlhttprequest-1.8.0.tgz#67fe075c5c24fef39f9d65f5f7b7fe75171968fc"
  integrity sha1-Z/4HXFwk/vOfnWX197f+dRcZaPw=
