{
  "name": "danmakucraft2",
  "version": "1.0.0",
  "lockfileVersion": 1,
  "requires": true,
  "dependencies": {
    "@types/chai": {
      "version": "4.1.0",
      "resolved": "https://registry.npmjs.org/@types/chai/-/chai-4.1.0.tgz",
      "integrity": "sha512-OuYBlXWHYthxIudMXMeQr92f6D97YoT9CUYCRb0BEP4OavC95jNcczjjr4Ob3H5E1IqlWqwj+leUZPSeth27Qw==",
      "dev": true
    },
    "@types/gaussian": {
      "version": "1.1.1",
      "resolved": "https://registry.npmjs.org/@types/gaussian/-/gaussian-1.1.1.tgz",
      "integrity": "sha1-zmcMHUHTPVqGASNdocxTlXg/bX8=",
      "dev": true
    },
    "@types/jquery": {
      "version": "3.2.18",
      "resolved": "https://registry.npmjs.org/@types/jquery/-/jquery-3.2.18.tgz",
      "integrity": "sha512-8dsVAEAbK73GBbQjXUEBhaCXX6A+gEp7+bM7CI7n/850ES6NFObYvJID2F4mGAahLUosKHiJI1QkLS8bV+9VGA==",
      "dev": true
    },
    "@types/mocha": {
      "version": "2.2.46",
      "resolved": "https://registry.npmjs.org/@types/mocha/-/mocha-2.2.46.tgz",
      "integrity": "sha512-fwTTP5QLf4xHMkv7ovcKvmlLWX3GrxCa5DRQDOilVyYGCp+arZTAQJCy7/4GKezzYJjfWMpB/Cy4e8nrc9XioA==",
      "dev": true
    },
    "@types/moment-timezone": {
      "version": "0.5.3",
      "resolved": "https://registry.npmjs.org/@types/moment-timezone/-/moment-timezone-0.5.3.tgz",
      "integrity": "sha512-FdnK7nZZXkSDO2InIBociTYbsEOLN/NijlNevFcB1vexHuh9lRGwdbClTQAI3eH1clJmwdQ7Q+jOSv9H3EJTJw==",
      "dev": true
    },
    "@types/node": {
      "version": "9.3.0",
      "resolved": "https://registry.npmjs.org/@types/node/-/node-9.3.0.tgz",
      "integrity": "sha1-OhKc2nxOXfJAlwJiaJLLS5ZUbdU="
    },
    "@types/sails.io.js": {
      "version": "1.0.1",
      "resolved": "https://registry.npmjs.org/@types/sails.io.js/-/sails.io.js-1.0.1.tgz",
      "integrity": "sha512-+G4oEfYwPo4vflnP6sjAv5cKwLXFmmQtJ1MQcqzD4gfI/MKohnYviFYAMLAFgv0nlxhljg3u0AeYvzohDfdU+w==",
      "dev": true
    },
    "@types/shortid": {
      "version": "0.0.29",
      "resolved": "https://registry.npmjs.org/@types/shortid/-/shortid-0.0.29.tgz",
      "integrity": "sha1-gJPuBBam4r8qpjOBCRFLP7/6Dps=",
      "dev": true
    },
    "@types/socket.io-client": {
      "version": "1.4.32",
      "resolved": "https://registry.npmjs.org/@types/socket.io-client/-/socket.io-client-1.4.32.tgz",
      "integrity": "sha512-Vs55Kq8F+OWvy1RLA31rT+cAyemzgm0EWNeax6BWF8H7QiiOYMJIdcwSDdm5LVgfEkoepsWkS+40+WNb7BUMbg==",
      "dev": true
    },
    "@types/xml2js": {
      "version": "0.4.2",
      "resolved": "https://registry.npmjs.org/@types/xml2js/-/xml2js-0.4.2.tgz",
      "integrity": "sha512-8aKUBSj3oGcnuiBmDLm3BIk09RYg01mz9HlQ2u4aS17oJ25DxjQrEUVGFSBVNOfM45pQW4OjcBPplq6r/exJdA==",
      "dev": true
    },
    "app-root-path": {
      "version": "2.0.1",
      "resolved": "https://registry.npmjs.org/app-root-path/-/app-root-path-2.0.1.tgz",
      "integrity": "sha1-zWLc+OT9WkF+/GZNLlsQZTxlG0Y=",
      "dev": true
    },
    "canvas": {
      "version": "1.6.9",
      "resolved": "https://registry.npmjs.org/canvas/-/canvas-1.6.9.tgz",
      "integrity": "sha1-4/lc7HsWvy1vP8clwC2UDTJY9ps=",
      "dev": true
    },
    "chai": {
      "version": "4.1.2",
      "resolved": "https://registry.npmjs.org/chai/-/chai-4.1.2.tgz",
      "integrity": "sha1-D2RYS6ZC8PKs4oBiefTwbKI61zw=",
      "dev": true
    },
    "core-js": {
      "version": "2.5.3",
      "resolved": "https://registry.npmjs.org/core-js/-/core-js-2.5.3.tgz",
      "integrity": "sha1-isw4NFgk8W2DZbfJtCWRaOjtYD4="
    },
    "crc-32": {
      "version": "1.2.0",
      "resolved": "https://registry.npmjs.org/crc-32/-/crc-32-1.2.0.tgz",
      "integrity": "sha512-1uBwHxF+Y/4yF5G48fwnKq6QsIXheor3ZLPT80yGBV1oEUwpPojlEhQbWKVw1VwcTQyMGHK1/XMmTjmlsmTTGA==",
      "dev": true
    },
    "ejs": {
      "version": "2.5.5",
      "resolved": "https://registry.npmjs.org/ejs/-/ejs-2.5.5.tgz",
      "integrity": "sha1-bvTpVOp9z1T2aq0v56pCGTLZ7Xc="
    },
    "expose-loader": {
      "version": "0.7.4",
      "resolved": "https://registry.npmjs.org/expose-loader/-/expose-loader-0.7.4.tgz",
      "integrity": "sha512-lweINkewAXcQtNjd7j1gO3cd8O/8lNYijsEwH4YZ+Dv3gT2Kh9/YvJov5Mdp2A75QIhgOvsSyRa/ZG3wYjNZpA==",
      "dev": true
    },
    "gaussian": {
      "version": "1.1.0",
      "resolved": "https://registry.npmjs.org/gaussian/-/gaussian-1.1.0.tgz",
      "integrity": "sha1-bRN6CX1Nv8ILUvsctdYcRwDt13E="
    },
    "grunt": {
      "version": "1.0.1",
      "resolved": "https://registry.npmjs.org/grunt/-/grunt-1.0.1.tgz",
      "integrity": "sha1-6HeHZOlEsY8yuw8QuQeEdcnftWs=",
      "requires": {
        "glob": "7.0.6",
        "grunt-cli": "1.2.0"
      },
      "dependencies": {
        "glob": {
          "version": "7.0.6",
          "resolved": "https://registry.npmjs.org/glob/-/glob-7.0.6.tgz",
          "integrity": "sha1-IRuvr0nlJbjNkyYNFKsTYVKz9Xo="
        },
        "grunt-cli": {
          "version": "1.2.0",
          "resolved": "https://registry.npmjs.org/grunt-cli/-/grunt-cli-1.2.0.tgz",
          "integrity": "sha1-VisRnrsGndtGSs4oRVAb6Xs1tqg="
        }
      }
    },
    "grunt-contrib-clean": {
      "version": "1.0.0",
      "resolved": "https://registry.npmjs.org/grunt-contrib-clean/-/grunt-contrib-clean-1.0.0.tgz",
      "integrity": "sha1-ay7ZQRfix//jLuBFeMlv5GJam20=",
      "requires": {
        "async": "1.5.2",
        "rimraf": "2.6.2"
      },
      "dependencies": {
        "async": {
          "version": "1.5.2",
          "resolved": "https://registry.npmjs.org/async/-/async-1.5.2.tgz",
          "integrity": "sha1-7GphrlZIDAw8skHJVhjiCJL5Zyo="
        },
        "rimraf": {
          "version": "2.6.2",
          "resolved": "https://registry.npmjs.org/rimraf/-/rimraf-2.6.2.tgz",
          "integrity": "sha512-lreewLK/BlghmxtfH36YYVg1i8IAce4TI7oao75I1g245+6BctqTVQiBP3YUJ9C6DQOXJmkYR9X9fCLtCOJc5w=="
        }
      }
    },
    "grunt-contrib-coffee": {
      "version": "1.0.0",
      "resolved": "https://registry.npmjs.org/grunt-contrib-coffee/-/grunt-contrib-coffee-1.0.0.tgz",
      "integrity": "sha1-2u6wSVTxTihovMm6bq+RBf3C2kw=",
      "requires": {
        "chalk": "1.0.0",
        "lodash": "4.3.0"
      },
      "dependencies": {
        "ansi-regex": {
          "version": "1.1.1",
          "resolved": "https://registry.npmjs.org/ansi-regex/-/ansi-regex-1.1.1.tgz",
          "integrity": "sha1-QchHGUZGN15qGl0Qw8oFTvn8mA0="
        },
        "chalk": {
          "version": "1.0.0",
          "resolved": "https://registry.npmjs.org/chalk/-/chalk-1.0.0.tgz",
          "integrity": "sha1-s89O0P9Tl8mcdbj2edsvUoMfltw=",
          "requires": {
            "has-ansi": "1.0.3",
            "strip-ansi": "2.0.1",
            "supports-color": "1.3.1"
          }
        },
        "has-ansi": {
          "version": "1.0.3",
          "resolved": "https://registry.npmjs.org/has-ansi/-/has-ansi-1.0.3.tgz",
          "integrity": "sha1-wLWxYV2eOCsP9nFp2We0JeSMpTg=",
          "requires": {
            "ansi-regex": "1.1.1"
          }
        },
        "lodash": {
          "version": "4.3.0",
          "resolved": "https://registry.npmjs.org/lodash/-/lodash-4.3.0.tgz",
          "integrity": "sha1-79nEpuxT87BUEkKZFcPkgk5NJaQ="
        },
        "strip-ansi": {
          "version": "2.0.1",
          "resolved": "https://registry.npmjs.org/strip-ansi/-/strip-ansi-2.0.1.tgz",
          "integrity": "sha1-32LBqpTtLxFOHQ8h/R1QSCt5pg4=",
          "requires": {
            "ansi-regex": "1.1.1"
          }
        },
        "supports-color": {
          "version": "1.3.1",
          "resolved": "https://registry.npmjs.org/supports-color/-/supports-color-1.3.1.tgz",
          "integrity": "sha1-FXWN8J2P87SswwdTn6vicJXhBC0="
        }
      }
    },
    "grunt-contrib-concat": {
      "version": "1.0.1",
      "resolved": "https://registry.npmjs.org/grunt-contrib-concat/-/grunt-contrib-concat-1.0.1.tgz",
      "integrity": "sha1-YVCYYwhOhx1+ht5IwBUlntl3Rb0=",
      "requires": {
        "chalk": "1.1.3"
      },
      "dependencies": {
        "chalk": {
          "version": "1.1.3",
          "resolved": "https://registry.npmjs.org/chalk/-/chalk-1.1.3.tgz",
          "integrity": "sha1-qBFcVeSnAv5NFQq9OHKCKn4J/Jg="
        }
      }
    },
    "grunt-contrib-copy": {
      "version": "1.0.0",
      "resolved": "https://registry.npmjs.org/grunt-contrib-copy/-/grunt-contrib-copy-1.0.0.tgz",
      "integrity": "sha1-cGDGWB6QS4qw0A8HbgqPbj58NXM=",
      "requires": {
        "chalk": "1.1.3"
      },
      "dependencies": {
        "chalk": {
          "version": "1.1.3",
          "resolved": "https://registry.npmjs.org/chalk/-/chalk-1.1.3.tgz",
          "integrity": "sha1-qBFcVeSnAv5NFQq9OHKCKn4J/Jg="
        }
      }
    },
    "grunt-contrib-cssmin": {
      "version": "1.0.1",
      "resolved": "https://registry.npmjs.org/grunt-contrib-cssmin/-/grunt-contrib-cssmin-1.0.1.tgz",
      "integrity": "sha1-9tRSRMyH79zFIfaRjq/ZIe/YyNo=",
      "requires": {
        "chalk": "1.1.3"
      },
      "dependencies": {
        "chalk": {
          "version": "1.1.3",
          "resolved": "https://registry.npmjs.org/chalk/-/chalk-1.1.3.tgz",
          "integrity": "sha1-qBFcVeSnAv5NFQq9OHKCKn4J/Jg="
        }
      }
    },
    "grunt-contrib-jst": {
      "version": "1.0.0",
      "resolved": "https://registry.npmjs.org/grunt-contrib-jst/-/grunt-contrib-jst-1.0.0.tgz",
      "integrity": "sha1-uOcDWuO2JYdYC9bYPI8MSEEGOHQ=",
      "requires": {
        "chalk": "1.1.3",
        "lodash": "2.4.2"
      },
      "dependencies": {
        "chalk": {
          "version": "1.1.3",
          "resolved": "https://registry.npmjs.org/chalk/-/chalk-1.1.3.tgz",
          "integrity": "sha1-qBFcVeSnAv5NFQq9OHKCKn4J/Jg="
        },
        "lodash": {
          "version": "2.4.2",
          "resolved": "https://registry.npmjs.org/lodash/-/lodash-2.4.2.tgz",
          "integrity": "sha1-+t2DS5aDBz2hebPq5tnA0VBT9z4="
        }
      }
    },
    "grunt-contrib-less": {
      "version": "1.3.0",
      "resolved": "https://registry.npmjs.org/grunt-contrib-less/-/grunt-contrib-less-1.3.0.tgz",
      "integrity": "sha1-UY73yG3GDhWeZRCKp125OpyP9dQ=",
      "requires": {
        "async": "1.5.2",
        "chalk": "1.1.3"
      },
      "dependencies": {
        "async": {
          "version": "1.5.2",
          "resolved": "https://registry.npmjs.org/async/-/async-1.5.2.tgz",
          "integrity": "sha1-7GphrlZIDAw8skHJVhjiCJL5Zyo="
        },
        "chalk": {
          "version": "1.1.3",
          "resolved": "https://registry.npmjs.org/chalk/-/chalk-1.1.3.tgz",
          "integrity": "sha1-qBFcVeSnAv5NFQq9OHKCKn4J/Jg="
        }
      }
    },
    "grunt-contrib-uglify": {
      "version": "1.0.1",
      "resolved": "https://registry.npmjs.org/grunt-contrib-uglify/-/grunt-contrib-uglify-1.0.1.tgz",
      "integrity": "sha1-rWhBG5Y7mWYSEfdvRmve3tT7B6w=",
      "requires": {
        "chalk": "1.1.3",
        "uglify-js": "2.6.4"
      },
      "dependencies": {
        "async": {
          "version": "0.2.10",
          "resolved": "https://registry.npmjs.org/async/-/async-0.2.10.tgz",
          "integrity": "sha1-trvgsGdLnXGXCMo43owjfLUmw9E="
        },
        "chalk": {
          "version": "1.1.3",
          "resolved": "https://registry.npmjs.org/chalk/-/chalk-1.1.3.tgz",
          "integrity": "sha1-qBFcVeSnAv5NFQq9OHKCKn4J/Jg="
        },
        "uglify-js": {
          "version": "2.6.4",
          "resolved": "https://registry.npmjs.org/uglify-js/-/uglify-js-2.6.4.tgz",
          "integrity": "sha1-ZeovswWck5RpLxX+2HwrNsFrmt8=",
          "requires": {
            "async": "0.2.10",
            "yargs": "3.10.0"
          }
        },
        "yargs": {
          "version": "3.10.0",
          "resolved": "https://registry.npmjs.org/yargs/-/yargs-3.10.0.tgz",
          "integrity": "sha1-9+572FfdfB0tOMDnTvvWgdFDH9E="
        }
      }
    },
    "grunt-contrib-watch": {
      "version": "1.0.0",
      "resolved": "https://registry.npmjs.org/grunt-contrib-watch/-/grunt-contrib-watch-1.0.0.tgz",
      "integrity": "sha1-hKGnodar0m7VaEE0lscxM+mQAY8=",
      "requires": {
        "async": "1.5.2",
        "lodash": "3.10.1"
      },
      "dependencies": {
        "async": {
          "version": "1.5.2",
          "resolved": "https://registry.npmjs.org/async/-/async-1.5.2.tgz",
          "integrity": "sha1-7GphrlZIDAw8skHJVhjiCJL5Zyo="
        },
        "lodash": {
          "version": "3.10.1",
          "resolved": "https://registry.npmjs.org/lodash/-/lodash-3.10.1.tgz",
          "integrity": "sha1-W/Rejkm6QYnhfUgnid/RW9FAt7Y="
        }
      }
    },
    "grunt-sails-linker": {
      "version": "0.10.1",
      "resolved": "https://registry.npmjs.org/grunt-sails-linker/-/grunt-sails-linker-0.10.1.tgz",
      "integrity": "sha1-DSz1RzwDuuu2zmwd4eWBY9OsjQY="
    },
    "grunt-sync": {
      "version": "0.5.2",
      "resolved": "https://registry.npmjs.org/grunt-sync/-/grunt-sync-0.5.2.tgz",
      "integrity": "sha1-YWLEj0LhualvX5MEM+HzqIDYpuw=",
      "requires": {
        "glob": "4.5.3",
        "lodash": "3.10.1"
      },
      "dependencies": {
        "glob": {
          "version": "4.5.3",
          "resolved": "https://registry.npmjs.org/glob/-/glob-4.5.3.tgz",
          "integrity": "sha1-xstz0yJsHv7wTePFbQEvAzd+4V8=",
          "requires": {
            "minimatch": "2.0.10"
          }
        },
        "lodash": {
          "version": "3.10.1",
          "resolved": "https://registry.npmjs.org/lodash/-/lodash-3.10.1.tgz",
          "integrity": "sha1-W/Rejkm6QYnhfUgnid/RW9FAt7Y="
        },
        "minimatch": {
          "version": "2.0.10",
          "resolved": "https://registry.npmjs.org/minimatch/-/minimatch-2.0.10.tgz",
          "integrity": "sha1-jQh8OcazjAAbl/ynzm0OHoCvusc="
        }
      }
    },
    "include-all": {
      "version": "1.0.8",
      "resolved": "https://registry.npmjs.org/include-all/-/include-all-1.0.8.tgz",
      "integrity": "sha1-6LuEsFcniiLPlEMZA32XAMGKQ3k=",
      "requires": {
        "lodash": "3.10.1"
      },
      "dependencies": {
        "lodash": {
          "version": "3.10.1",
          "resolved": "https://registry.npmjs.org/lodash/-/lodash-3.10.1.tgz",
          "integrity": "sha1-W/Rejkm6QYnhfUgnid/RW9FAt7Y="
        }
      }
    },
    "jsdom": {
      "version": "11.5.1",
      "resolved": "https://registry.npmjs.org/jsdom/-/jsdom-11.5.1.tgz",
      "integrity": "sha512-89ztIZ03aYK9f1uUrLXLsZndRge/JnZjzjpaN+lrse3coqz+8PR/dX4WLHpbF5fIKTXhDjFODOJw2328lPJ90g==",
      "dev": true
    },
    "mocha": {
      "version": "4.1.0",
      "resolved": "https://registry.npmjs.org/mocha/-/mocha-4.1.0.tgz",
      "integrity": "sha512-0RVnjg1HJsXY2YFDoTNzcc1NKhYuXKRrBAG2gDygmJJA136Cs2QlRliZG1mA0ap7cuaT30mw16luAeln+4RiNA==",
      "dev": true,
      "requires": {
        "diff": "3.3.1",
        "supports-color": "4.4.0"
      },
      "dependencies": {
        "diff": {
          "version": "3.3.1",
          "resolved": "https://registry.npmjs.org/diff/-/diff-3.3.1.tgz",
          "integrity": "sha512-MKPHZDMB0o6yHyDryUOScqZibp914ksXwAMYMTHj6KO8UeKsRYNJD3oNCKjTqZon+V488P7N/HzXF8t7ZR95ww==",
          "dev": true
        },
        "supports-color": {
          "version": "4.4.0",
          "resolved": "https://registry.npmjs.org/supports-color/-/supports-color-4.4.0.tgz",
          "integrity": "sha512-rKC3+DyXWgK0ZLKwmRsrkyHVZAjNkfzeehuFWdGGcqGDTZFH73+RH6S/RDAAxl9GusSjZSUWYLmT9N5pzXFOXQ==",
          "dev": true
        }
      }
    },
    "moment-timezone": {
      "version": "0.5.14",
      "resolved": "https://registry.npmjs.org/moment-timezone/-/moment-timezone-0.5.14.tgz",
      "integrity": "sha1-TrOP+VOLgBCLpGekWPPtQmjM/LE=",
      "dev": true
    },
    "pg-escape": {
      "version": "0.2.0",
      "resolved": "https://registry.npmjs.org/pg-escape/-/pg-escape-0.2.0.tgz",
      "integrity": "sha1-ZVlMFpFlm0q24Mu/nVB0S+R0mY4=",
      "dev": true
    },
    "phaser-ce-type-updated": {
      "version": "2.9.10",
      "resolved": "https://registry.npmjs.org/phaser-ce-type-updated/-/phaser-ce-type-updated-2.9.10.tgz",
      "integrity": "sha512-7nSwUsKOxuWkWmrP2VqrELeorS7LIkzdNvSlanj4Bfh8ZXVN6HsQkjq997W7b+LjZnFETTsxIfVZSpZkzGOsEA=="
    },
    "rc": {
      "version": "1.0.1",
      "resolved": "https://registry.npmjs.org/rc/-/rc-1.0.1.tgz",
      "integrity": "sha1-+RnCXoBMsKpg9v2S2Sn8hrRQE+g=",
      "requires": {
        "minimist": "0.0.10",
        "strip-json-comments": "0.1.3"
      },
      "dependencies": {
        "minimist": {
          "version": "0.0.10",
          "resolved": "https://registry.npmjs.org/minimist/-/minimist-0.0.10.tgz",
          "integrity": "sha1-3j+YVD2/lggr5IrRoMfNqDYwHc8="
        },
        "strip-json-comments": {
          "version": "0.1.3",
          "resolved": "https://registry.npmjs.org/strip-json-comments/-/strip-json-comments-0.1.3.tgz",
          "integrity": "sha1-Fkxk43Coo8wAyeAbU55WmCPw7lQ="
        }
      }
    },
    "sails": {
      "version": "0.12.14",
      "resolved": "https://registry.npmjs.org/sails/-/sails-0.12.14.tgz",
      "integrity": "sha1-Sti+mM/PRW59HIX253MfMa8zI5c=",
      "requires": {
        "async": "1.5.0",
        "chalk": "1.1.3",
        "commander": "2.9.0",
        "ejs": "2.3.4",
        "glob": "5.0.15",
        "grunt-cli": "1.2.0",
        "parseurl": "1.3.1",
        "semver": "5.1.0"
      },
      "dependencies": {
        "async": {
          "version": "1.5.0",
          "resolved": "https://registry.npmjs.org/async/-/async-1.5.0.tgz",
          "integrity": "sha1-J5ZkJyNXOFlWVjP8YnRES+4vjOM="
        },
        "chalk": {
          "version": "1.1.3",
          "resolved": "https://registry.npmjs.org/chalk/-/chalk-1.1.3.tgz",
          "integrity": "sha1-qBFcVeSnAv5NFQq9OHKCKn4J/Jg="
        },
        "commander": {
          "version": "2.9.0",
          "resolved": "https://registry.npmjs.org/commander/-/commander-2.9.0.tgz",
          "integrity": "sha1-nJkJQXbhIkDLItbFFGCYQA/g99Q="
        },
        "ejs": {
          "version": "2.3.4",
          "resolved": "https://registry.npmjs.org/ejs/-/ejs-2.3.4.tgz",
          "integrity": "sha1-PHbKoJZks1g7ADevncE2557Gi5g="
        },
        "glob": {
          "version": "5.0.15",
          "resolved": "https://registry.npmjs.org/glob/-/glob-5.0.15.tgz",
          "integrity": "sha1-G8k2ueAvSmA/zCIuz3Yz0wuLk7E="
        },
        "grunt-cli": {
          "version": "1.2.0",
          "resolved": "https://registry.npmjs.org/grunt-cli/-/grunt-cli-1.2.0.tgz",
          "integrity": "sha1-VisRnrsGndtGSs4oRVAb6Xs1tqg="
        },
        "parseurl": {
          "version": "1.3.1",
          "resolved": "https://registry.npmjs.org/parseurl/-/parseurl-1.3.1.tgz",
          "integrity": "sha1-yKuMkiO6NIiKpkopeyiFO+wY2lY="
        },
        "semver": {
          "version": "5.1.0",
          "resolved": "https://registry.npmjs.org/semver/-/semver-5.1.0.tgz",
          "integrity": "sha1-hfLPhVBGXE3wAM99hvawVBBqueU="
        }
      }
    },
    "sails-disk": {
      "version": "0.10.10",
      "resolved": "https://registry.npmjs.org/sails-disk/-/sails-disk-0.10.10.tgz",
      "integrity": "sha1-asXeoAlQz2VopT/hP9C4060yYP8=",
      "requires": {
        "async": "0.2.10",
        "lodash": "3.10.1"
      },
      "dependencies": {
        "async": {
          "version": "0.2.10",
          "resolved": "https://registry.npmjs.org/async/-/async-0.2.10.tgz",
          "integrity": "sha1-trvgsGdLnXGXCMo43owjfLUmw9E="
        },
        "lodash": {
          "version": "3.10.1",
          "resolved": "https://registry.npmjs.org/lodash/-/lodash-3.10.1.tgz",
          "integrity": "sha1-W/Rejkm6QYnhfUgnid/RW9FAt7Y="
        }
      }
    },
    "sails-postgresql": {
      "version": "0.11.4",
      "resolved": "https://registry.npmjs.org/sails-postgresql/-/sails-postgresql-0.11.4.tgz",
      "integrity": "sha1-NbmOIl/trrfIr32jzFzfw/D9aI0=",
      "dev": true,
      "requires": {
        "async": "1.5.2",
        "lodash": "3.10.1",
        "pg": "4.5.5",
        "waterline-cursor": "0.0.6",
        "waterline-errors": "0.10.1",
        "waterline-sequel": "0.5.7"
      },
      "dependencies": {
        "async": {
          "version": "1.5.2",
          "resolved": "https://registry.npmjs.org/async/-/async-1.5.2.tgz",
          "integrity": "sha1-7GphrlZIDAw8skHJVhjiCJL5Zyo=",
          "dev": true
        },
        "lodash": {
          "version": "3.10.1",
          "resolved": "https://registry.npmjs.org/lodash/-/lodash-3.10.1.tgz",
          "integrity": "sha1-W/Rejkm6QYnhfUgnid/RW9FAt7Y=",
          "dev": true
        },
        "pg": {
          "version": "4.5.5",
          "resolved": "https://registry.npmjs.org/pg/-/pg-4.5.5.tgz",
          "integrity": "sha1-wXr1E+MLp+k6GLuq2+cahNPGy70=",
          "dev": true,
          "requires": {
            "buffer-writer": "1.0.1",
            "generic-pool": "2.1.1",
            "packet-reader": "0.2.0",
            "pg-connection-string": "0.1.3",
            "pg-types": "1.11.0",
            "pgpass": "0.0.3",
            "semver": "4.3.6"
          },
          "dependencies": {
            "buffer-writer": {
              "version": "1.0.1",
              "resolved": "https://registry.npmjs.org/buffer-writer/-/buffer-writer-1.0.1.tgz",
              "integrity": "sha1-Iqk2kB4wKa/NdUfrRIfOtpejvwg=",
              "dev": true
            },
            "generic-pool": {
              "version": "2.1.1",
              "resolved": "https://registry.npmjs.org/generic-pool/-/generic-pool-2.1.1.tgz",
              "integrity": "sha1-rwTcLDJc/Ll1Aj+lK/zpYXp0Nf0=",
              "dev": true
            },
            "packet-reader": {
              "version": "0.2.0",
              "resolved": "https://registry.npmjs.org/packet-reader/-/packet-reader-0.2.0.tgz",
              "integrity": "sha1-gZ300BC4LV6lZx+KGjrPA5vNdwA=",
              "dev": true
            },
            "pg-connection-string": {
              "version": "0.1.3",
              "resolved": "https://registry.npmjs.org/pg-connection-string/-/pg-connection-string-0.1.3.tgz",
              "integrity": "sha1-2hhHsglA5C7hSSvq9l1J2RskXfc=",
              "dev": true
            },
            "pg-types": {
              "version": "1.11.0",
              "resolved": "https://registry.npmjs.org/pg-types/-/pg-types-1.11.0.tgz",
              "integrity": "sha1-qukagtlStjO7iNAGNQoWbar26pA=",
              "dev": true,
              "requires": {
                "ap": "0.2.0",
                "postgres-array": "1.0.0",
                "postgres-bytea": "1.0.0",
                "postgres-date": "1.0.1",
                "postgres-interval": "1.0.2"
              },
              "dependencies": {
                "ap": {
                  "version": "0.2.0",
                  "resolved": "https://registry.npmjs.org/ap/-/ap-0.2.0.tgz",
                  "integrity": "sha1-rglCYAspkS8NKxTsYMRejzMLYRA=",
                  "dev": true
                },
                "postgres-array": {
                  "version": "1.0.0",
                  "resolved": "https://registry.npmjs.org/postgres-array/-/postgres-array-1.0.0.tgz",
                  "integrity": "sha1-SMLoKTWxeL+AXg3/aJ0Tfuwr/ms=",
                  "dev": true
                },
                "postgres-bytea": {
                  "version": "1.0.0",
                  "resolved": "https://registry.npmjs.org/postgres-bytea/-/postgres-bytea-1.0.0.tgz",
                  "integrity": "sha1-AntTPAqokOJtFy1Hz5zOzFIazTU=",
                  "dev": true
                },
                "postgres-date": {
                  "version": "1.0.1",
                  "resolved": "https://registry.npmjs.org/postgres-date/-/postgres-date-1.0.1.tgz",
                  "integrity": "sha1-XHjImYQF/xalrE7LKc9oL64HFIs=",
                  "dev": true
                },
                "postgres-interval": {
                  "version": "1.0.2",
                  "resolved": "https://registry.npmjs.org/postgres-interval/-/postgres-interval-1.0.2.tgz",
                  "integrity": "sha1-cmFDjYYrQSkhxv23YXZoQktzpu0=",
                  "dev": true,
                  "requires": {
                    "xtend": "4.0.1"
                  },
                  "dependencies": {
                    "xtend": {
                      "version": "4.0.1",
                      "resolved": "https://registry.npmjs.org/xtend/-/xtend-4.0.1.tgz",
                      "integrity": "sha1-pcbVMr5lbiPbgg77lDofBJmNY68=",
                      "dev": true
                    }
                  }
                }
              }
            },
            "pgpass": {
              "version": "0.0.3",
              "resolved": "https://registry.npmjs.org/pgpass/-/pgpass-0.0.3.tgz",
              "integrity": "sha1-EuZ+NDsxicLzEgbrycwL7//PkUA=",
              "dev": true,
              "requires": {
                "split": "0.3.3"
              },
              "dependencies": {
                "split": {
                  "version": "0.3.3",
                  "resolved": "https://registry.npmjs.org/split/-/split-0.3.3.tgz",
                  "integrity": "sha1-zQ7qXmOiEd//frDwkcQTPi0N0o8=",
                  "dev": true,
                  "requires": {
                    "through": "2.3.8"
                  },
                  "dependencies": {
                    "through": {
                      "version": "2.3.8",
                      "resolved": "https://registry.npmjs.org/through/-/through-2.3.8.tgz",
                      "integrity": "sha1-DdTJ/6q8NXlgsbckEV1+Doai4fU=",
                      "dev": true
                    }
                  }
                }
              }
            },
            "semver": {
              "version": "4.3.6",
              "resolved": "https://registry.npmjs.org/semver/-/semver-4.3.6.tgz",
              "integrity": "sha1-MAvG4OhjdPe6YQaLWx7NV/xlMto=",
              "dev": true
            }
          }
        },
        "waterline-cursor": {
          "version": "0.0.6",
          "resolved": "https://registry.npmjs.org/waterline-cursor/-/waterline-cursor-0.0.6.tgz",
          "integrity": "sha1-d1DuqIuI+ACZbRFTBH28hQ9FL08=",
          "dev": true,
          "requires": {
            "async": "0.9.2",
            "lodash": "2.4.2"
          },
          "dependencies": {
            "async": {
              "version": "0.9.2",
              "resolved": "https://registry.npmjs.org/async/-/async-0.9.2.tgz",
              "integrity": "sha1-rqdNXmHB+JlhO/ZL2mbUx48v0X0=",
              "dev": true
            },
            "lodash": {
              "version": "2.4.2",
              "resolved": "https://registry.npmjs.org/lodash/-/lodash-2.4.2.tgz",
              "integrity": "sha1-+t2DS5aDBz2hebPq5tnA0VBT9z4=",
              "dev": true
            }
          }
        },
        "waterline-errors": {
          "version": "0.10.1",
          "resolved": "https://registry.npmjs.org/waterline-errors/-/waterline-errors-0.10.1.tgz",
          "integrity": "sha1-7mNjKq3emTJxt1FLfKmNn9W4ai4=",
          "dev": true
        },
        "waterline-sequel": {
          "version": "0.5.7",
          "resolved": "https://registry.npmjs.org/waterline-sequel/-/waterline-sequel-0.5.7.tgz",
          "integrity": "sha1-HX5DKLq/rYoxvT+yaobXGACtgo0=",
          "dev": true,
          "requires": {
            "lodash": "3.10.0"
          },
          "dependencies": {
            "lodash": {
              "version": "3.10.0",
              "resolved": "https://registry.npmjs.org/lodash/-/lodash-3.10.0.tgz",
              "integrity": "sha1-k9UcZygopEFqEq9XIguoqHN+L7s=",
              "dev": true
            }
          }
        }
      }
    },
    "sails.io.js": {
      "version": "1.1.13",
      "resolved": "https://registry.npmjs.org/sails.io.js/-/sails.io.js-1.1.13.tgz",
      "integrity": "sha512-ugOm7jC1Xih9AKkoQDeiGZ0RGIxLeaZB6Y5IwEM27wLAPOXNE4Zgt40ZlM0vEuPdHNx0nZyyUtEWmb51WcRSxw=="
    },
    "sequency": {
      "version": "0.18.0",
      "resolved": "https://registry.npmjs.org/sequency/-/sequency-0.18.0.tgz",
      "integrity": "sha512-8DAYwLGnJtVJCs9+dCCpnbbx+yyvdxzoHjbE94N1rj2gBsT2IgK3GXfI2W+5EoT5voLjH2TyWnqr4WtgDvlaWg=="
    },
    "shortid": {
      "version": "2.2.8",
      "resolved": "https://registry.npmjs.org/shortid/-/shortid-2.2.8.tgz",
      "integrity": "sha1-AzsRfWoul1gE9vCWnb59PQs1UTE="
    },
    "socket.io-client": {
      "version": "2.0.4",
      "resolved": "https://registry.npmjs.org/socket.io-client/-/socket.io-client-2.0.4.tgz",
      "integrity": "sha1-CRilUkBtxeVAs4Dc2Xr8SmQzL44=",
      "requires": {
        "debug": "2.6.9"
      },
      "dependencies": {
        "debug": {
          "version": "2.6.9",
          "resolved": "https://registry.npmjs.org/debug/-/debug-2.6.9.tgz",
          "integrity": "sha512-bC7ElrdJaJnPbAP+1EotYvqZsb3ecl5wi6Bfi6BJTUcNowp6cvspg0jXznRTKDjm/E7AdgFBVeAPVMNcKGsHMA=="
        }
      }
    },
    "ts-loader": {
      "version": "3.2.0",
      "resolved": "https://registry.npmjs.org/ts-loader/-/ts-loader-3.2.0.tgz",
      "integrity": "sha512-4g8BF3gKWBHeM1jAFmMPHofuJlwTUU4iHJ0i3mwXRHwy74RU6VBOgl9kDVMGpapvGcMlVqV5G6v9XmV66Qqd7w==",
      "dev": true
    },
    "ts-mockito": {
      "version": "2.2.7",
      "resolved": "https://registry.npmjs.org/ts-mockito/-/ts-mockito-2.2.7.tgz",
      "integrity": "sha512-QS4hn2qFC+lkt/TiHKy5TmCuwF+XuNqDE0LgpgTFmck6Vw+SUYkufNMkidNYedQkAracoN77q1Umc+bdxHQndQ==",
      "dev": true
    },
    "ts-node": {
      "version": "4.1.0",
      "resolved": "https://registry.npmjs.org/ts-node/-/ts-node-4.1.0.tgz",
      "integrity": "sha512-xcZH12oVg9PShKhy3UHyDmuDLV3y7iKwX25aMVPt1SIXSuAfWkFiGPEkg+th8R4YKW/QCxDoW7lJdb15lx6QWg=="
    },
    "tslint": {
      "version": "5.8.0",
      "resolved": "https://registry.npmjs.org/tslint/-/tslint-5.8.0.tgz",
      "integrity": "sha1-H0mtWy53x2w69N3K5VKuTjYS6xM=",
      "dev": true,
      "requires": {
        "resolve": "1.5.0"
      },
      "dependencies": {
        "resolve": {
          "version": "1.5.0",
          "resolved": "https://registry.npmjs.org/resolve/-/resolve-1.5.0.tgz",
          "integrity": "sha512-hgoSGrc3pjzAPHNBg+KnFcK2HwlHTs/YrAGUr6qgTVUZmXv1UEXXl0bZNBKMA9fud6lRYFdPGz0xXxycPzmmiw==",
          "dev": true
        }
      }
    },
    "tslint-no-unused-expression-chai": {
      "version": "0.0.3",
      "resolved": "https://registry.npmjs.org/tslint-no-unused-expression-chai/-/tslint-no-unused-expression-chai-0.0.3.tgz",
      "integrity": "sha512-jKqhimj5gKl96ngeKxSVG1nOE7wmKRiHXD3kKpi+GG+5CmXJevD0ogsThZ8uSQCBIELFLVqXpZ43PpLniWu7jw==",
      "dev": true
    },
    "typescript": {
      "version": "2.6.2",
      "resolved": "https://registry.npmjs.org/typescript/-/typescript-2.6.2.tgz",
      "integrity": "sha1-PFtv1/beCRQmkCfwPAlGdY92c6Q="
    },
    "typescript-collections": {
      "version": "1.2.5",
      "resolved": "https://registry.npmjs.org/typescript-collections/-/typescript-collections-1.2.5.tgz",
      "integrity": "sha512-883q9lMiC5J2HDIDXZEQwzA49RsthNxkf/q30qdUtBBGlmSPmNjDjctliVteTjkVcABB4pRxFUXbmXoMcPZJAA=="
    },
    "webpack": {
      "version": "3.10.0",
      "resolved": "https://registry.npmjs.org/webpack/-/webpack-3.10.0.tgz",
      "integrity": "sha512-fxxKXoicjdXNUMY7LIdY89tkJJJ0m1Oo8PQutZ5rLgWbV5QVKI15Cn7+/IHnRTd3vfKfiwBx6SBqlorAuNA8LA==",
      "dev": true,
      "requires": {
        "supports-color": "4.5.0"
      },
      "dependencies": {
        "supports-color": {
          "version": "4.5.0",
          "resolved": "https://registry.npmjs.org/supports-color/-/supports-color-4.5.0.tgz",
          "integrity": "sha1-vnoN5ITexcXN34s9WRJQRJEvY1s=",
          "dev": true
        }
      }
    },
    "webpack-merge": {
      "version": "4.1.1",
      "resolved": "https://registry.npmjs.org/webpack-merge/-/webpack-merge-4.1.1.tgz",
      "integrity": "sha512-geQsZ86YkXOVOjvPC5yv3JSNnL6/X3Kzh935AQ/gJNEYXEfJDQFu/sdFuktS9OW2JcH/SJec8TGfRdrpHshH7A==",
      "dev": true
    },
    "webpack-watch-time-plugin": {
      "version": "0.1.2",
      "resolved": "https://registry.npmjs.org/webpack-watch-time-plugin/-/webpack-watch-time-plugin-0.1.2.tgz",
      "integrity": "sha1-niT25RcQyOjzcFXtjcQhD78aNb0=",
      "dev": true
    },
    "xml2js": {
      "version": "0.4.19",
      "resolved": "https://registry.npmjs.org/xml2js/-/xml2js-0.4.19.tgz",
      "integrity": "sha512-esZnJZJOiJR9wWKMyuvSE1y6Dq5LCuJanqhxslH2bxM6duahNZ+HMpCLhBQGZkbX6xRf8x1Y2eJlgt2q3qo49Q==",
      "dev": true
    }
  }
}
